
Microsoft Visual Studio Solution File, Format Version 12.00
# Visual Studio Version 17
VisualStudioVersion = 17.5.33424.131
MinimumVisualStudioVersion = 10.0.40219.1
Project("{FAE04EC0-301F-11D3-BF4B-00C04F79EFBC}") = "ShoppingListLib", "ShoppingListLib.csproj", "{44338DAD-E17B-4FD8-831E-CCE0E8C98DF6}"
EndProject
Global
	GlobalSection(SolutionConfigurationPlatforms) = preSolution
		Debug|Any CPU = Debug|Any CPU
		Release|Any CPU = Release|Any CPU
	EndGlobalSection
	GlobalSection(ProjectConfigurationPlatforms) = postSolution
		{44338DAD-E17B-4FD8-831E-CCE0E8C98DF6}.Debug|Any CPU.ActiveCfg = Debug|Any CPU
		{44338DAD-E17B-4FD8-831E-CCE0E8C98DF6}.Debug|Any CPU.Build.0 = Debug|Any CPU
		{44338DAD-E17B-4FD8-831E-CCE0E8C98DF6}.Release|Any CPU.ActiveCfg = Release|Any CPU
		{44338DAD-E17B-4FD8-831E-CCE0E8C98DF6}.Release|Any CPU.Build.0 = Release|Any CPU
	EndGlobalSection
	GlobalSection(SolutionProperties) = preSolution
		HideSolutionNode = FALSE
	EndGlobalSection
	GlobalSection(ExtensibilityGlobals) = postSolution
		SolutionGuid = {85E0E2D2-805B-46C2-BA76-429292DD3EB2}
	EndGlobalSection
EndGlobal
