
Microsoft Visual Studio Solution File, Format Version 12.00
# Visual Studio Version 17
VisualStudioVersion = 17.2.32516.85
MinimumVisualStudioVersion = 10.0.40219.1
Project("{FAE04EC0-301F-11D3-BF4B-00C04F79EFBC}") = "BoxOfT", "01.Box\BoxOfT.csproj", "{0EA4F7FB-CFAE-482A-9CA0-48A18B9884C8}"
EndProject
Project("{FAE04EC0-301F-11D3-BF4B-00C04F79EFBC}") = "GenericScale", "GenericScale\GenericScale.csproj", "{8DADCB22-2F7B-4848-8EC1-4B41231948E2}"
EndProject
Global
	GlobalSection(SolutionConfigurationPlatforms) = preSolution
		Debug|Any CPU = Debug|Any CPU
		Release|Any CPU = Release|Any CPU
	EndGlobalSection
	GlobalSection(ProjectConfigurationPlatforms) = postSolution
		{0EA4F7FB-CFAE-482A-9CA0-48A18B9884C8}.Debug|Any CPU.ActiveCfg = Debug|Any CPU
		{0EA4F7FB-CFAE-482A-9CA0-48A18B9884C8}.Debug|Any CPU.Build.0 = Debug|Any CPU
		{0EA4F7FB-CFAE-482A-9CA0-48A18B9884C8}.Release|Any CPU.ActiveCfg = Release|Any CPU
		{0EA4F7FB-CFAE-482A-9CA0-48A18B9884C8}.Release|Any CPU.Build.0 = Release|Any CPU
		{8DADCB22-2F7B-4848-8EC1-4B41231948E2}.Debug|Any CPU.ActiveCfg = Debug|Any CPU
		{8DADCB22-2F7B-4848-8EC1-4B41231948E2}.Debug|Any CPU.Build.0 = Debug|Any CPU
		{8DADCB22-2F7B-4848-8EC1-4B41231948E2}.Release|Any CPU.ActiveCfg = Release|Any CPU
		{8DADCB22-2F7B-4848-8EC1-4B41231948E2}.Release|Any CPU.Build.0 = Release|Any CPU
	EndGlobalSection
	GlobalSection(SolutionProperties) = preSolution
		HideSolutionNode = FALSE
	EndGlobalSection
	GlobalSection(ExtensibilityGlobals) = postSolution
		SolutionGuid = {1F5134E9-AAD1-479F-A3C7-DEA439AA8E53}
	EndGlobalSection
EndGlobal
