
Microsoft Visual Studio Solution File, Format Version 12.00
# Visual Studio Version 17
VisualStudioVersion = 17.2.32516.85
MinimumVisualStudioVersion = 10.0.40219.1
Project("{FAE04EC0-301F-11D3-BF4B-00C04F79EFBC}") = "01.SortPersonsByNameAndAge", "01.SortPersonsByNameAndAge\01.SortPersonsByNameAndAge.csproj", "{726F4E20-941D-4A66-B523-4459B61446BF}"
EndProject
Project("{FAE04EC0-301F-11D3-BF4B-00C04F79EFBC}") = "02.Salary", "02.Salary\02.Salary.csproj", "{3AAEFAF2-2050-41AE-9EFF-26C4870DE965}"
EndProject
Project("{FAE04EC0-301F-11D3-BF4B-00C04F79EFBC}") = "03.Validation", "03.Validation\03.Validation.csproj", "{056F5820-CBA3-4BB1-B1A4-087123FB362D}"
EndProject
Project("{FAE04EC0-301F-11D3-BF4B-00C04F79EFBC}") = "04.Team", "04.Team\04.Team.csproj", "{3737A81F-CB8B-4739-8F52-9AE9FAE2A5D8}"
EndProject
Global
	GlobalSection(SolutionConfigurationPlatforms) = preSolution
		Debug|Any CPU = Debug|Any CPU
		Release|Any CPU = Release|Any CPU
	EndGlobalSection
	GlobalSection(ProjectConfigurationPlatforms) = postSolution
		{726F4E20-941D-4A66-B523-4459B61446BF}.Debug|Any CPU.ActiveCfg = Debug|Any CPU
		{726F4E20-941D-4A66-B523-4459B61446BF}.Debug|Any CPU.Build.0 = Debug|Any CPU
		{726F4E20-941D-4A66-B523-4459B61446BF}.Release|Any CPU.ActiveCfg = Release|Any CPU
		{726F4E20-941D-4A66-B523-4459B61446BF}.Release|Any CPU.Build.0 = Release|Any CPU
		{3AAEFAF2-2050-41AE-9EFF-26C4870DE965}.Debug|Any CPU.ActiveCfg = Debug|Any CPU
		{3AAEFAF2-2050-41AE-9EFF-26C4870DE965}.Debug|Any CPU.Build.0 = Debug|Any CPU
		{3AAEFAF2-2050-41AE-9EFF-26C4870DE965}.Release|Any CPU.ActiveCfg = Release|Any CPU
		{3AAEFAF2-2050-41AE-9EFF-26C4870DE965}.Release|Any CPU.Build.0 = Release|Any CPU
		{056F5820-CBA3-4BB1-B1A4-087123FB362D}.Debug|Any CPU.ActiveCfg = Debug|Any CPU
		{056F5820-CBA3-4BB1-B1A4-087123FB362D}.Debug|Any CPU.Build.0 = Debug|Any CPU
		{056F5820-CBA3-4BB1-B1A4-087123FB362D}.Release|Any CPU.ActiveCfg = Release|Any CPU
		{056F5820-CBA3-4BB1-B1A4-087123FB362D}.Release|Any CPU.Build.0 = Release|Any CPU
		{3737A81F-CB8B-4739-8F52-9AE9FAE2A5D8}.Debug|Any CPU.ActiveCfg = Debug|Any CPU
		{3737A81F-CB8B-4739-8F52-9AE9FAE2A5D8}.Debug|Any CPU.Build.0 = Debug|Any CPU
		{3737A81F-CB8B-4739-8F52-9AE9FAE2A5D8}.Release|Any CPU.ActiveCfg = Release|Any CPU
		{3737A81F-CB8B-4739-8F52-9AE9FAE2A5D8}.Release|Any CPU.Build.0 = Release|Any CPU
	EndGlobalSection
	GlobalSection(SolutionProperties) = preSolution
		HideSolutionNode = FALSE
	EndGlobalSection
	GlobalSection(ExtensibilityGlobals) = postSolution
		SolutionGuid = {20D27E4D-68DE-482F-B55C-C94AE015F5BF}
	EndGlobalSection
EndGlobal
