
Microsoft Visual Studio Solution File, Format Version 12.00
# Visual Studio Version 17
VisualStudioVersion = 17.2.32516.85
MinimumVisualStudioVersion = 10.0.40219.1
Project("{FAE04EC0-301F-11D3-BF4B-00C04F79EFBC}") = "01EnergyDrinks", "01EnergyDrinks\01EnergyDrinks.csproj", "{D39EC68F-630F-4C34-A9A9-0EDB7DC36C0B}"
EndProject
Project("{FAE04EC0-301F-11D3-BF4B-00C04F79EFBC}") = "02.RallyRacing", "02.RallyRacing\02.RallyRacing.csproj", "{BCC4EA29-4319-4CD8-8D8F-639E55789F24}"
EndProject
Project("{FAE04EC0-301F-11D3-BF4B-00C04F79EFBC}") = "03.ComputerArchitecture", "03.ComputerArchitecture\03.ComputerArchitecture.csproj", "{402413A6-133C-42FE-ACB8-B7FC1EE850B3}"
EndProject
Global
	GlobalSection(SolutionConfigurationPlatforms) = preSolution
		Debug|Any CPU = Debug|Any CPU
		Release|Any CPU = Release|Any CPU
	EndGlobalSection
	GlobalSection(ProjectConfigurationPlatforms) = postSolution
		{D39EC68F-630F-4C34-A9A9-0EDB7DC36C0B}.Debug|Any CPU.ActiveCfg = Debug|Any CPU
		{D39EC68F-630F-4C34-A9A9-0EDB7DC36C0B}.Debug|Any CPU.Build.0 = Debug|Any CPU
		{D39EC68F-630F-4C34-A9A9-0EDB7DC36C0B}.Release|Any CPU.ActiveCfg = Release|Any CPU
		{D39EC68F-630F-4C34-A9A9-0EDB7DC36C0B}.Release|Any CPU.Build.0 = Release|Any CPU
		{BCC4EA29-4319-4CD8-8D8F-639E55789F24}.Debug|Any CPU.ActiveCfg = Debug|Any CPU
		{BCC4EA29-4319-4CD8-8D8F-639E55789F24}.Debug|Any CPU.Build.0 = Debug|Any CPU
		{BCC4EA29-4319-4CD8-8D8F-639E55789F24}.Release|Any CPU.ActiveCfg = Release|Any CPU
		{BCC4EA29-4319-4CD8-8D8F-639E55789F24}.Release|Any CPU.Build.0 = Release|Any CPU
		{402413A6-133C-42FE-ACB8-B7FC1EE850B3}.Debug|Any CPU.ActiveCfg = Debug|Any CPU
		{402413A6-133C-42FE-ACB8-B7FC1EE850B3}.Debug|Any CPU.Build.0 = Debug|Any CPU
		{402413A6-133C-42FE-ACB8-B7FC1EE850B3}.Release|Any CPU.ActiveCfg = Release|Any CPU
		{402413A6-133C-42FE-ACB8-B7FC1EE850B3}.Release|Any CPU.Build.0 = Release|Any CPU
	EndGlobalSection
	GlobalSection(SolutionProperties) = preSolution
		HideSolutionNode = FALSE
	EndGlobalSection
	GlobalSection(ExtensibilityGlobals) = postSolution
		SolutionGuid = {BCF6FAF3-697E-4986-A58D-BB2D46653B5D}
	EndGlobalSection
EndGlobal
