
Microsoft Visual Studio Solution File, Format Version 12.00
# Visual Studio Version 16
VisualStudioVersion = 16.0.31515.178
MinimumVisualStudioVersion = 10.0.40219.1
Project("{FAE04EC0-301F-11D3-BF4B-00C04F79EFBC}") = "01. Reverse Strings", "01. Reverse Strings\01. Reverse Strings.csproj", "{5162DB1B-D260-4C09-B737-E60A8ED21902}"
EndProject
Project("{FAE04EC0-301F-11D3-BF4B-00C04F79EFBC}") = "02. Repeat Strings", "02. Repeat Strings\02. Repeat Strings.csproj", "{D162E048-865A-4F69-8B4C-D9C791750229}"
EndProject
Project("{FAE04EC0-301F-11D3-BF4B-00C04F79EFBC}") = "03. Substring", "03. Substring\03. Substring.csproj", "{118E3CFA-C4F2-47AC-9E0B-92101F35E904}"
EndProject
Project("{FAE04EC0-301F-11D3-BF4B-00C04F79EFBC}") = "04. Text Filter", "04. Text Filter\04. Text Filter.csproj", "{B69D69E4-814D-4B61-BF57-9E9303FF91D8}"
EndProject
Project("{FAE04EC0-301F-11D3-BF4B-00C04F79EFBC}") = "05. Digits, Letters and Other", "05. Digits, Letters and Other\05. Digits, Letters and Other.csproj", "{1FB3CA82-0C20-4BA0-97D9-B31857FAD349}"
EndProject
Global
	GlobalSection(SolutionConfigurationPlatforms) = preSolution
		Debug|Any CPU = Debug|Any CPU
		Release|Any CPU = Release|Any CPU
	EndGlobalSection
	GlobalSection(ProjectConfigurationPlatforms) = postSolution
		{5162DB1B-D260-4C09-B737-E60A8ED21902}.Debug|Any CPU.ActiveCfg = Debug|Any CPU
		{5162DB1B-D260-4C09-B737-E60A8ED21902}.Debug|Any CPU.Build.0 = Debug|Any CPU
		{5162DB1B-D260-4C09-B737-E60A8ED21902}.Release|Any CPU.ActiveCfg = Release|Any CPU
		{5162DB1B-D260-4C09-B737-E60A8ED21902}.Release|Any CPU.Build.0 = Release|Any CPU
		{D162E048-865A-4F69-8B4C-D9C791750229}.Debug|Any CPU.ActiveCfg = Debug|Any CPU
		{D162E048-865A-4F69-8B4C-D9C791750229}.Debug|Any CPU.Build.0 = Debug|Any CPU
		{D162E048-865A-4F69-8B4C-D9C791750229}.Release|Any CPU.ActiveCfg = Release|Any CPU
		{D162E048-865A-4F69-8B4C-D9C791750229}.Release|Any CPU.Build.0 = Release|Any CPU
		{118E3CFA-C4F2-47AC-9E0B-92101F35E904}.Debug|Any CPU.ActiveCfg = Debug|Any CPU
		{118E3CFA-C4F2-47AC-9E0B-92101F35E904}.Debug|Any CPU.Build.0 = Debug|Any CPU
		{118E3CFA-C4F2-47AC-9E0B-92101F35E904}.Release|Any CPU.ActiveCfg = Release|Any CPU
		{118E3CFA-C4F2-47AC-9E0B-92101F35E904}.Release|Any CPU.Build.0 = Release|Any CPU
		{B69D69E4-814D-4B61-BF57-9E9303FF91D8}.Debug|Any CPU.ActiveCfg = Debug|Any CPU
		{B69D69E4-814D-4B61-BF57-9E9303FF91D8}.Debug|Any CPU.Build.0 = Debug|Any CPU
		{B69D69E4-814D-4B61-BF57-9E9303FF91D8}.Release|Any CPU.ActiveCfg = Release|Any CPU
		{B69D69E4-814D-4B61-BF57-9E9303FF91D8}.Release|Any CPU.Build.0 = Release|Any CPU
		{1FB3CA82-0C20-4BA0-97D9-B31857FAD349}.Debug|Any CPU.ActiveCfg = Debug|Any CPU
		{1FB3CA82-0C20-4BA0-97D9-B31857FAD349}.Debug|Any CPU.Build.0 = Debug|Any CPU
		{1FB3CA82-0C20-4BA0-97D9-B31857FAD349}.Release|Any CPU.ActiveCfg = Release|Any CPU
		{1FB3CA82-0C20-4BA0-97D9-B31857FAD349}.Release|Any CPU.Build.0 = Release|Any CPU
	EndGlobalSection
	GlobalSection(SolutionProperties) = preSolution
		HideSolutionNode = FALSE
	EndGlobalSection
	GlobalSection(ExtensibilityGlobals) = postSolution
		SolutionGuid = {CF4FB2FA-718C-4C63-B1A7-59E371C1A8CB}
	EndGlobalSection
EndGlobal
