
Microsoft Visual Studio Solution File, Format Version 12.00
# Visual Studio Version 17
VisualStudioVersion = 17.2.32516.85
MinimumVisualStudioVersion = 10.0.40219.1
Project("{9A19103F-16F7-4668-BE54-9A1E7A4F7556}") = "01.DefineAnInterfaceIPerson", "01.DefineAnInterfaceIPerson\01.DefineAnInterfaceIPerson.csproj", "{FB610F9D-BCC8-471E-89A7-8F63B42FF9BB}"
EndProject
Project("{9A19103F-16F7-4668-BE54-9A1E7A4F7556}") = "02.MultipleImplementation", "02.MultipleImplementation\02.MultipleImplementation.csproj", "{52CDFE2A-52ED-4ECD-9FBA-4F3A2EB2CEFA}"
EndProject
Project("{9A19103F-16F7-4668-BE54-9A1E7A4F7556}") = "03.Telephony", "03.Telephony\03.Telephony.csproj", "{99C33B24-4D23-4F8A-8F7F-C4FE52B390A6}"
EndProject
Project("{FAE04EC0-301F-11D3-BF4B-00C04F79EFBC}") = "04.BorderControl", "04.BorderControl\04.BorderControl.csproj", "{F435D1E8-E38C-484F-AF75-F01810D2DE93}"
EndProject
Project("{FAE04EC0-301F-11D3-BF4B-00C04F79EFBC}") = "05.BirthdayCelebrations", "05.BirthdayCelebrations\05.BirthdayCelebrations.csproj", "{8F032B82-5C8C-47A3-8FD6-80A343E4D0B8}"
EndProject
Global
	GlobalSection(SolutionConfigurationPlatforms) = preSolution
		Debug|Any CPU = Debug|Any CPU
		Release|Any CPU = Release|Any CPU
	EndGlobalSection
	GlobalSection(ProjectConfigurationPlatforms) = postSolution
		{FB610F9D-BCC8-471E-89A7-8F63B42FF9BB}.Debug|Any CPU.ActiveCfg = Debug|Any CPU
		{FB610F9D-BCC8-471E-89A7-8F63B42FF9BB}.Debug|Any CPU.Build.0 = Debug|Any CPU
		{FB610F9D-BCC8-471E-89A7-8F63B42FF9BB}.Release|Any CPU.ActiveCfg = Release|Any CPU
		{FB610F9D-BCC8-471E-89A7-8F63B42FF9BB}.Release|Any CPU.Build.0 = Release|Any CPU
		{52CDFE2A-52ED-4ECD-9FBA-4F3A2EB2CEFA}.Debug|Any CPU.ActiveCfg = Debug|Any CPU
		{52CDFE2A-52ED-4ECD-9FBA-4F3A2EB2CEFA}.Debug|Any CPU.Build.0 = Debug|Any CPU
		{52CDFE2A-52ED-4ECD-9FBA-4F3A2EB2CEFA}.Release|Any CPU.ActiveCfg = Release|Any CPU
		{52CDFE2A-52ED-4ECD-9FBA-4F3A2EB2CEFA}.Release|Any CPU.Build.0 = Release|Any CPU
		{99C33B24-4D23-4F8A-8F7F-C4FE52B390A6}.Debug|Any CPU.ActiveCfg = Debug|Any CPU
		{99C33B24-4D23-4F8A-8F7F-C4FE52B390A6}.Debug|Any CPU.Build.0 = Debug|Any CPU
		{99C33B24-4D23-4F8A-8F7F-C4FE52B390A6}.Release|Any CPU.ActiveCfg = Release|Any CPU
		{99C33B24-4D23-4F8A-8F7F-C4FE52B390A6}.Release|Any CPU.Build.0 = Release|Any CPU
		{F435D1E8-E38C-484F-AF75-F01810D2DE93}.Debug|Any CPU.ActiveCfg = Debug|Any CPU
		{F435D1E8-E38C-484F-AF75-F01810D2DE93}.Debug|Any CPU.Build.0 = Debug|Any CPU
		{F435D1E8-E38C-484F-AF75-F01810D2DE93}.Release|Any CPU.ActiveCfg = Release|Any CPU
		{F435D1E8-E38C-484F-AF75-F01810D2DE93}.Release|Any CPU.Build.0 = Release|Any CPU
		{8F032B82-5C8C-47A3-8FD6-80A343E4D0B8}.Debug|Any CPU.ActiveCfg = Debug|Any CPU
		{8F032B82-5C8C-47A3-8FD6-80A343E4D0B8}.Debug|Any CPU.Build.0 = Debug|Any CPU
		{8F032B82-5C8C-47A3-8FD6-80A343E4D0B8}.Release|Any CPU.ActiveCfg = Release|Any CPU
		{8F032B82-5C8C-47A3-8FD6-80A343E4D0B8}.Release|Any CPU.Build.0 = Release|Any CPU
	EndGlobalSection
	GlobalSection(SolutionProperties) = preSolution
		HideSolutionNode = FALSE
	EndGlobalSection
	GlobalSection(ExtensibilityGlobals) = postSolution
		SolutionGuid = {454B9327-048F-42F5-980D-3A3F5135AF4F}
	EndGlobalSection
EndGlobal
