
Microsoft Visual Studio Solution File, Format Version 12.00
# Visual Studio Version 16
VisualStudioVersion = 16.0.31515.178
MinimumVisualStudioVersion = 10.0.40219.1
Project("{FAE04EC0-301F-11D3-BF4B-00C04F79EFBC}") = "01.01.CountSameValuesInArray", "01.01.CountSameValuesInArray\01.01.CountSameValuesInArray.csproj", "{BEDE69E1-7841-4B23-A3C3-567879F78A39}"
EndProject
Project("{FAE04EC0-301F-11D3-BF4B-00C04F79EFBC}") = "01.02.AverageStudentGrades", "01.02.AverageStudentGrades\01.02.AverageStudentGrades.csproj", "{2A006306-4775-4803-B83F-5D2722B4B47E}"
EndProject
Project("{FAE04EC0-301F-11D3-BF4B-00C04F79EFBC}") = "01.03Largest3Numbers", "01.03Largest3Numbers\01.03Largest3Numbers.csproj", "{70BD9137-2F1A-44D8-9646-E472D2EF1F70}"
EndProject
Global
	GlobalSection(SolutionConfigurationPlatforms) = preSolution
		Debug|Any CPU = Debug|Any CPU
		Release|Any CPU = Release|Any CPU
	EndGlobalSection
	GlobalSection(ProjectConfigurationPlatforms) = postSolution
		{BEDE69E1-7841-4B23-A3C3-567879F78A39}.Debug|Any CPU.ActiveCfg = Debug|Any CPU
		{BEDE69E1-7841-4B23-A3C3-567879F78A39}.Debug|Any CPU.Build.0 = Debug|Any CPU
		{BEDE69E1-7841-4B23-A3C3-567879F78A39}.Release|Any CPU.ActiveCfg = Release|Any CPU
		{BEDE69E1-7841-4B23-A3C3-567879F78A39}.Release|Any CPU.Build.0 = Release|Any CPU
		{2A006306-4775-4803-B83F-5D2722B4B47E}.Debug|Any CPU.ActiveCfg = Debug|Any CPU
		{2A006306-4775-4803-B83F-5D2722B4B47E}.Debug|Any CPU.Build.0 = Debug|Any CPU
		{2A006306-4775-4803-B83F-5D2722B4B47E}.Release|Any CPU.ActiveCfg = Release|Any CPU
		{2A006306-4775-4803-B83F-5D2722B4B47E}.Release|Any CPU.Build.0 = Release|Any CPU
		{70BD9137-2F1A-44D8-9646-E472D2EF1F70}.Debug|Any CPU.ActiveCfg = Debug|Any CPU
		{70BD9137-2F1A-44D8-9646-E472D2EF1F70}.Debug|Any CPU.Build.0 = Debug|Any CPU
		{70BD9137-2F1A-44D8-9646-E472D2EF1F70}.Release|Any CPU.ActiveCfg = Release|Any CPU
		{70BD9137-2F1A-44D8-9646-E472D2EF1F70}.Release|Any CPU.Build.0 = Release|Any CPU
	EndGlobalSection
	GlobalSection(SolutionProperties) = preSolution
		HideSolutionNode = FALSE
	EndGlobalSection
	GlobalSection(ExtensibilityGlobals) = postSolution
		SolutionGuid = {8F3902EB-00F2-45B3-8275-101DF54B464E}
	EndGlobalSection
EndGlobal
