
Microsoft Visual Studio Solution File, Format Version 12.00
# Visual Studio Version 16
VisualStudioVersion = 16.0.31515.178
MinimumVisualStudioVersion = 10.0.40219.1
Project("{FAE04EC0-301F-11D3-BF4B-00C04F79EFBC}") = "01. Match Full Name", "01. Match Full Name\01. Match Full Name.csproj", "{B6E7662B-974A-482B-B7A6-3790D5F7D4E2}"
EndProject
Project("{FAE04EC0-301F-11D3-BF4B-00C04F79EFBC}") = "02. Match Phone Number", "02. Match Phone Number\02. Match Phone Number.csproj", "{C057241F-8EA9-4E45-B4BC-CE35BBC96250}"
EndProject
Project("{FAE04EC0-301F-11D3-BF4B-00C04F79EFBC}") = "03. Match Dates", "03. Match Dates\03. Match Dates.csproj", "{C2ECB31B-01A6-4919-9E4E-94D1BBFBB2CA}"
EndProject
Global
	GlobalSection(SolutionConfigurationPlatforms) = preSolution
		Debug|Any CPU = Debug|Any CPU
		Release|Any CPU = Release|Any CPU
	EndGlobalSection
	GlobalSection(ProjectConfigurationPlatforms) = postSolution
		{B6E7662B-974A-482B-B7A6-3790D5F7D4E2}.Debug|Any CPU.ActiveCfg = Debug|Any CPU
		{B6E7662B-974A-482B-B7A6-3790D5F7D4E2}.Debug|Any CPU.Build.0 = Debug|Any CPU
		{B6E7662B-974A-482B-B7A6-3790D5F7D4E2}.Release|Any CPU.ActiveCfg = Release|Any CPU
		{B6E7662B-974A-482B-B7A6-3790D5F7D4E2}.Release|Any CPU.Build.0 = Release|Any CPU
		{C057241F-8EA9-4E45-B4BC-CE35BBC96250}.Debug|Any CPU.ActiveCfg = Debug|Any CPU
		{C057241F-8EA9-4E45-B4BC-CE35BBC96250}.Debug|Any CPU.Build.0 = Debug|Any CPU
		{C057241F-8EA9-4E45-B4BC-CE35BBC96250}.Release|Any CPU.ActiveCfg = Release|Any CPU
		{C057241F-8EA9-4E45-B4BC-CE35BBC96250}.Release|Any CPU.Build.0 = Release|Any CPU
		{C2ECB31B-01A6-4919-9E4E-94D1BBFBB2CA}.Debug|Any CPU.ActiveCfg = Debug|Any CPU
		{C2ECB31B-01A6-4919-9E4E-94D1BBFBB2CA}.Debug|Any CPU.Build.0 = Debug|Any CPU
		{C2ECB31B-01A6-4919-9E4E-94D1BBFBB2CA}.Release|Any CPU.ActiveCfg = Release|Any CPU
		{C2ECB31B-01A6-4919-9E4E-94D1BBFBB2CA}.Release|Any CPU.Build.0 = Release|Any CPU
	EndGlobalSection
	GlobalSection(SolutionProperties) = preSolution
		HideSolutionNode = FALSE
	EndGlobalSection
	GlobalSection(ExtensibilityGlobals) = postSolution
		SolutionGuid = {178EC4F2-4B35-47AA-92D1-1926A4C39044}
	EndGlobalSection
EndGlobal
