
Microsoft Visual Studio Solution File, Format Version 12.00
# Visual Studio Version 17
VisualStudioVersion = 17.5.33424.131
MinimumVisualStudioVersion = 10.0.40219.1
Project("{FAE04EC0-301F-11D3-BF4B-00C04F79EFBC}") = "MVCIntroDemo", "MVCIntroDemo\MVCIntroDemo.csproj", "{EB4ACAE4-AF23-4566-A691-2A6341986D1E}"
EndProject
Global
	GlobalSection(SolutionConfigurationPlatforms) = preSolution
		Debug|Any CPU = Debug|Any CPU
		Release|Any CPU = Release|Any CPU
	EndGlobalSection
	GlobalSection(ProjectConfigurationPlatforms) = postSolution
		{EB4ACAE4-AF23-4566-A691-2A6341986D1E}.Debug|Any CPU.ActiveCfg = Debug|Any CPU
		{EB4ACAE4-AF23-4566-A691-2A6341986D1E}.Debug|Any CPU.Build.0 = Debug|Any CPU
		{EB4ACAE4-AF23-4566-A691-2A6341986D1E}.Release|Any CPU.ActiveCfg = Release|Any CPU
		{EB4ACAE4-AF23-4566-A691-2A6341986D1E}.Release|Any CPU.Build.0 = Release|Any CPU
	EndGlobalSection
	GlobalSection(SolutionProperties) = preSolution
		HideSolutionNode = FALSE
	EndGlobalSection
	GlobalSection(ExtensibilityGlobals) = postSolution
		SolutionGuid = {6059AFCF-1E8A-452D-A51D-1F67ED59BBCB}
	EndGlobalSection
EndGlobal
