
Microsoft Visual Studio Solution File, Format Version 12.00
# Visual Studio Version 17
VisualStudioVersion = 17.3.32922.545
MinimumVisualStudioVersion = 10.0.40219.1
Project("{FAE04EC0-301F-11D3-BF4B-00C04F79EFBC}") = "01.DefineClassPerson", "01.DefineClassPerson\01.DefineClassPerson.csproj", "{2608A2C4-0546-423D-B768-111AC583F780}"
EndProject
Project("{FAE04EC0-301F-11D3-BF4B-00C04F79EFBC}") = "02.CreatingConstructors", "02.CreatingConstructors\02.CreatingConstructors.csproj", "{0301B856-593A-4DD7-AE2B-E22C2817B78E}"
EndProject
Project("{FAE04EC0-301F-11D3-BF4B-00C04F79EFBC}") = "03.OldestFamilyMember", "03.OldestFamilyMember\03.OldestFamilyMember.csproj", "{61D6F2A5-0921-481C-A2AA-A403B3B11B62}"
EndProject
Project("{FAE04EC0-301F-11D3-BF4B-00C04F79EFBC}") = "04.OpinionPoll", "04.OpinionPoll\04.OpinionPoll.csproj", "{F6F085B3-A1FC-466A-AA53-EFD7EAE70046}"
EndProject
Project("{FAE04EC0-301F-11D3-BF4B-00C04F79EFBC}") = "05.DateModifier", "05.DateModifier\05.DateModifier.csproj", "{60E68A33-3D97-4148-91FB-7BFC66121925}"
EndProject
Project("{FAE04EC0-301F-11D3-BF4B-00C04F79EFBC}") = "06.SpeedRacing", "06.SpeedRacing\06.SpeedRacing.csproj", "{D7DCE884-32C6-4665-9C8F-D0BE0BA4224E}"
EndProject
Global
	GlobalSection(SolutionConfigurationPlatforms) = preSolution
		Debug|Any CPU = Debug|Any CPU
		Release|Any CPU = Release|Any CPU
	EndGlobalSection
	GlobalSection(ProjectConfigurationPlatforms) = postSolution
		{2608A2C4-0546-423D-B768-111AC583F780}.Debug|Any CPU.ActiveCfg = Debug|Any CPU
		{2608A2C4-0546-423D-B768-111AC583F780}.Debug|Any CPU.Build.0 = Debug|Any CPU
		{2608A2C4-0546-423D-B768-111AC583F780}.Release|Any CPU.ActiveCfg = Release|Any CPU
		{2608A2C4-0546-423D-B768-111AC583F780}.Release|Any CPU.Build.0 = Release|Any CPU
		{0301B856-593A-4DD7-AE2B-E22C2817B78E}.Debug|Any CPU.ActiveCfg = Debug|Any CPU
		{0301B856-593A-4DD7-AE2B-E22C2817B78E}.Debug|Any CPU.Build.0 = Debug|Any CPU
		{0301B856-593A-4DD7-AE2B-E22C2817B78E}.Release|Any CPU.ActiveCfg = Release|Any CPU
		{0301B856-593A-4DD7-AE2B-E22C2817B78E}.Release|Any CPU.Build.0 = Release|Any CPU
		{61D6F2A5-0921-481C-A2AA-A403B3B11B62}.Debug|Any CPU.ActiveCfg = Debug|Any CPU
		{61D6F2A5-0921-481C-A2AA-A403B3B11B62}.Debug|Any CPU.Build.0 = Debug|Any CPU
		{61D6F2A5-0921-481C-A2AA-A403B3B11B62}.Release|Any CPU.ActiveCfg = Release|Any CPU
		{61D6F2A5-0921-481C-A2AA-A403B3B11B62}.Release|Any CPU.Build.0 = Release|Any CPU
		{F6F085B3-A1FC-466A-AA53-EFD7EAE70046}.Debug|Any CPU.ActiveCfg = Debug|Any CPU
		{F6F085B3-A1FC-466A-AA53-EFD7EAE70046}.Debug|Any CPU.Build.0 = Debug|Any CPU
		{F6F085B3-A1FC-466A-AA53-EFD7EAE70046}.Release|Any CPU.ActiveCfg = Release|Any CPU
		{F6F085B3-A1FC-466A-AA53-EFD7EAE70046}.Release|Any CPU.Build.0 = Release|Any CPU
		{60E68A33-3D97-4148-91FB-7BFC66121925}.Debug|Any CPU.ActiveCfg = Debug|Any CPU
		{60E68A33-3D97-4148-91FB-7BFC66121925}.Debug|Any CPU.Build.0 = Debug|Any CPU
		{60E68A33-3D97-4148-91FB-7BFC66121925}.Release|Any CPU.ActiveCfg = Release|Any CPU
		{60E68A33-3D97-4148-91FB-7BFC66121925}.Release|Any CPU.Build.0 = Release|Any CPU
		{D7DCE884-32C6-4665-9C8F-D0BE0BA4224E}.Debug|Any CPU.ActiveCfg = Debug|Any CPU
		{D7DCE884-32C6-4665-9C8F-D0BE0BA4224E}.Debug|Any CPU.Build.0 = Debug|Any CPU
		{D7DCE884-32C6-4665-9C8F-D0BE0BA4224E}.Release|Any CPU.ActiveCfg = Release|Any CPU
		{D7DCE884-32C6-4665-9C8F-D0BE0BA4224E}.Release|Any CPU.Build.0 = Release|Any CPU
	EndGlobalSection
	GlobalSection(SolutionProperties) = preSolution
		HideSolutionNode = FALSE
	EndGlobalSection
	GlobalSection(ExtensibilityGlobals) = postSolution
		SolutionGuid = {7610DC54-E536-4F39-B6F0-CC8A14019C72}
	EndGlobalSection
EndGlobal
