
Microsoft Visual Studio Solution File, Format Version 12.00
# Visual Studio Version 16
VisualStudioVersion = 16.0.31005.135
MinimumVisualStudioVersion = 10.0.40219.1
Project("{FAE04EC0-301F-11D3-BF4B-00C04F79EFBC}") = "10 For Loop Ex", "10 For Loop Ex\10 For Loop Ex.csproj", "{DEA5BE6F-7F62-4DE4-8F4E-63FCB7BCF77E}"
EndProject
Global
	GlobalSection(SolutionConfigurationPlatforms) = preSolution
		Debug|Any CPU = Debug|Any CPU
		Release|Any CPU = Release|Any CPU
	EndGlobalSection
	GlobalSection(ProjectConfigurationPlatforms) = postSolution
		{DEA5BE6F-7F62-4DE4-8F4E-63FCB7BCF77E}.Debug|Any CPU.ActiveCfg = Debug|Any CPU
		{DEA5BE6F-7F62-4DE4-8F4E-63FCB7BCF77E}.Debug|Any CPU.Build.0 = Debug|Any CPU
		{DEA5BE6F-7F62-4DE4-8F4E-63FCB7BCF77E}.Release|Any CPU.ActiveCfg = Release|Any CPU
		{DEA5BE6F-7F62-4DE4-8F4E-63FCB7BCF77E}.Release|Any CPU.Build.0 = Release|Any CPU
	EndGlobalSection
	GlobalSection(SolutionProperties) = preSolution
		HideSolutionNode = FALSE
	EndGlobalSection
	GlobalSection(ExtensibilityGlobals) = postSolution
		SolutionGuid = {A2B74619-FA31-4A41-B5D2-CDA73B132675}
	EndGlobalSection
EndGlobal
