
Microsoft Visual Studio Solution File, Format Version 12.00
# Visual Studio Version 16
VisualStudioVersion = 16.0.31515.178
MinimumVisualStudioVersion = 10.0.40219.1
Project("{9A19103F-16F7-4668-BE54-9A1E7A4F7556}") = "01 Sign of Integer Numbers", "01 Sign of Integer Numbers\01 Sign of Integer Numbers.csproj", "{11787206-DB7F-4FF3-9649-5E01D32802B3}"
EndProject
Project("{9A19103F-16F7-4668-BE54-9A1E7A4F7556}") = "02 Grades", "02 Grades\02 Grades.csproj", "{4E4565AB-2E07-418A-BC7E-BCAABD119688}"
EndProject
Project("{9A19103F-16F7-4668-BE54-9A1E7A4F7556}") = "03 Calculations", "03 Calculations\03 Calculations.csproj", "{A0D5566F-0973-432A-A92B-2BA0AB3FF2AF}"
EndProject
Project("{9A19103F-16F7-4668-BE54-9A1E7A4F7556}") = "04 Printing Triangle", "04 Printing Triangle\04 Printing Triangle.csproj", "{0934FC7C-CF3F-4A1E-8EF3-C0DCA19C5DFB}"
EndProject
Project("{9A19103F-16F7-4668-BE54-9A1E7A4F7556}") = "06 Calculate Rectangle Area", "06 Calculate Rectangle Area\06 Calculate Rectangle Area.csproj", "{44EECC11-017D-4641-82E7-48C04077E9DC}"
EndProject
Project("{9A19103F-16F7-4668-BE54-9A1E7A4F7556}") = "05 Orders", "05 Orders\05 Orders.csproj", "{CF3A9A29-F9F5-4E70-AF24-0D4EE54ACF30}"
EndProject
Project("{9A19103F-16F7-4668-BE54-9A1E7A4F7556}") = "07 Repeat String", "07 Repeat String\07 Repeat String.csproj", "{445DE489-D1A5-472C-9239-FF12EE320FEB}"
EndProject
Project("{9A19103F-16F7-4668-BE54-9A1E7A4F7556}") = "08 Math Power", "08 Math Power\08 Math Power.csproj", "{8A93079C-AFAC-47E7-9EBC-9B31DD2506AB}"
EndProject
Project("{9A19103F-16F7-4668-BE54-9A1E7A4F7556}") = "09 Greater of Two Values", "09 Greater of Two Values\09 Greater of Two Values.csproj", "{2EBBFD03-F76E-4A9C-B85F-41354BD19195}"
EndProject
Project("{9A19103F-16F7-4668-BE54-9A1E7A4F7556}") = "10 Multiply Evens by Odds", "10 Multiply Evens by Odds\10 Multiply Evens by Odds.csproj", "{1D9A0887-AD86-4C69-9056-C2AED253C436}"
EndProject
Project("{FAE04EC0-301F-11D3-BF4B-00C04F79EFBC}") = "11 Math operations", "11 Math operations\11 Math operations.csproj", "{85787BBA-B138-4089-9257-E0B7FD270AA1}"
EndProject
Global
	GlobalSection(SolutionConfigurationPlatforms) = preSolution
		Debug|Any CPU = Debug|Any CPU
		Release|Any CPU = Release|Any CPU
	EndGlobalSection
	GlobalSection(ProjectConfigurationPlatforms) = postSolution
		{11787206-DB7F-4FF3-9649-5E01D32802B3}.Debug|Any CPU.ActiveCfg = Debug|Any CPU
		{11787206-DB7F-4FF3-9649-5E01D32802B3}.Debug|Any CPU.Build.0 = Debug|Any CPU
		{11787206-DB7F-4FF3-9649-5E01D32802B3}.Release|Any CPU.ActiveCfg = Release|Any CPU
		{11787206-DB7F-4FF3-9649-5E01D32802B3}.Release|Any CPU.Build.0 = Release|Any CPU
		{4E4565AB-2E07-418A-BC7E-BCAABD119688}.Debug|Any CPU.ActiveCfg = Debug|Any CPU
		{4E4565AB-2E07-418A-BC7E-BCAABD119688}.Debug|Any CPU.Build.0 = Debug|Any CPU
		{4E4565AB-2E07-418A-BC7E-BCAABD119688}.Release|Any CPU.ActiveCfg = Release|Any CPU
		{4E4565AB-2E07-418A-BC7E-BCAABD119688}.Release|Any CPU.Build.0 = Release|Any CPU
		{A0D5566F-0973-432A-A92B-2BA0AB3FF2AF}.Debug|Any CPU.ActiveCfg = Debug|Any CPU
		{A0D5566F-0973-432A-A92B-2BA0AB3FF2AF}.Debug|Any CPU.Build.0 = Debug|Any CPU
		{A0D5566F-0973-432A-A92B-2BA0AB3FF2AF}.Release|Any CPU.ActiveCfg = Release|Any CPU
		{A0D5566F-0973-432A-A92B-2BA0AB3FF2AF}.Release|Any CPU.Build.0 = Release|Any CPU
		{0934FC7C-CF3F-4A1E-8EF3-C0DCA19C5DFB}.Debug|Any CPU.ActiveCfg = Debug|Any CPU
		{0934FC7C-CF3F-4A1E-8EF3-C0DCA19C5DFB}.Debug|Any CPU.Build.0 = Debug|Any CPU
		{0934FC7C-CF3F-4A1E-8EF3-C0DCA19C5DFB}.Release|Any CPU.ActiveCfg = Release|Any CPU
		{0934FC7C-CF3F-4A1E-8EF3-C0DCA19C5DFB}.Release|Any CPU.Build.0 = Release|Any CPU
		{44EECC11-017D-4641-82E7-48C04077E9DC}.Debug|Any CPU.ActiveCfg = Debug|Any CPU
		{44EECC11-017D-4641-82E7-48C04077E9DC}.Debug|Any CPU.Build.0 = Debug|Any CPU
		{44EECC11-017D-4641-82E7-48C04077E9DC}.Release|Any CPU.ActiveCfg = Release|Any CPU
		{44EECC11-017D-4641-82E7-48C04077E9DC}.Release|Any CPU.Build.0 = Release|Any CPU
		{CF3A9A29-F9F5-4E70-AF24-0D4EE54ACF30}.Debug|Any CPU.ActiveCfg = Debug|Any CPU
		{CF3A9A29-F9F5-4E70-AF24-0D4EE54ACF30}.Debug|Any CPU.Build.0 = Debug|Any CPU
		{CF3A9A29-F9F5-4E70-AF24-0D4EE54ACF30}.Release|Any CPU.ActiveCfg = Release|Any CPU
		{CF3A9A29-F9F5-4E70-AF24-0D4EE54ACF30}.Release|Any CPU.Build.0 = Release|Any CPU
		{445DE489-D1A5-472C-9239-FF12EE320FEB}.Debug|Any CPU.ActiveCfg = Debug|Any CPU
		{445DE489-D1A5-472C-9239-FF12EE320FEB}.Debug|Any CPU.Build.0 = Debug|Any CPU
		{445DE489-D1A5-472C-9239-FF12EE320FEB}.Release|Any CPU.ActiveCfg = Release|Any CPU
		{445DE489-D1A5-472C-9239-FF12EE320FEB}.Release|Any CPU.Build.0 = Release|Any CPU
		{8A93079C-AFAC-47E7-9EBC-9B31DD2506AB}.Debug|Any CPU.ActiveCfg = Debug|Any CPU
		{8A93079C-AFAC-47E7-9EBC-9B31DD2506AB}.Debug|Any CPU.Build.0 = Debug|Any CPU
		{8A93079C-AFAC-47E7-9EBC-9B31DD2506AB}.Release|Any CPU.ActiveCfg = Release|Any CPU
		{8A93079C-AFAC-47E7-9EBC-9B31DD2506AB}.Release|Any CPU.Build.0 = Release|Any CPU
		{2EBBFD03-F76E-4A9C-B85F-41354BD19195}.Debug|Any CPU.ActiveCfg = Debug|Any CPU
		{2EBBFD03-F76E-4A9C-B85F-41354BD19195}.Debug|Any CPU.Build.0 = Debug|Any CPU
		{2EBBFD03-F76E-4A9C-B85F-41354BD19195}.Release|Any CPU.ActiveCfg = Release|Any CPU
		{2EBBFD03-F76E-4A9C-B85F-41354BD19195}.Release|Any CPU.Build.0 = Release|Any CPU
		{1D9A0887-AD86-4C69-9056-C2AED253C436}.Debug|Any CPU.ActiveCfg = Debug|Any CPU
		{1D9A0887-AD86-4C69-9056-C2AED253C436}.Debug|Any CPU.Build.0 = Debug|Any CPU
		{1D9A0887-AD86-4C69-9056-C2AED253C436}.Release|Any CPU.ActiveCfg = Release|Any CPU
		{1D9A0887-AD86-4C69-9056-C2AED253C436}.Release|Any CPU.Build.0 = Release|Any CPU
		{85787BBA-B138-4089-9257-E0B7FD270AA1}.Debug|Any CPU.ActiveCfg = Debug|Any CPU
		{85787BBA-B138-4089-9257-E0B7FD270AA1}.Debug|Any CPU.Build.0 = Debug|Any CPU
		{85787BBA-B138-4089-9257-E0B7FD270AA1}.Release|Any CPU.ActiveCfg = Release|Any CPU
		{85787BBA-B138-4089-9257-E0B7FD270AA1}.Release|Any CPU.Build.0 = Release|Any CPU
	EndGlobalSection
	GlobalSection(SolutionProperties) = preSolution
		HideSolutionNode = FALSE
	EndGlobalSection
	GlobalSection(ExtensibilityGlobals) = postSolution
		SolutionGuid = {C7E5FEB2-D8E7-4DFC-899D-37EF63D28C8D}
	EndGlobalSection
EndGlobal
