
Microsoft Visual Studio Solution File, Format Version 12.00
# Visual Studio Version 17
VisualStudioVersion = 17.2.32516.85
MinimumVisualStudioVersion = 10.0.40219.1
Project("{9A19103F-16F7-4668-BE54-9A1E7A4F7556}") = "01 Sort Num", "01 Sort Num\01 Sort Num.csproj", "{86D13309-8EAA-4EE3-80E6-279883D376D7}"
EndProject
Project("{9A19103F-16F7-4668-BE54-9A1E7A4F7556}") = "02 Eng Name of Digit", "02 Eng Name of Digit\02 Eng Name of Digit.csproj", "{AE3DCDF3-14B6-40F1-AAD1-FC2D2EA4163E}"
EndProject
Project("{9A19103F-16F7-4668-BE54-9A1E7A4F7556}") = "03 Gaymin", "03 Gaymin\03 Gaymin.csproj", "{AC39484D-D981-48F5-A0BD-6FCD7994D272}"
EndProject
Project("{FAE04EC0-301F-11D3-BF4B-00C04F79EFBC}") = "04 Reverse", "04 Reverse\04 Reverse.csproj", "{DAB749AB-BCB9-4992-9A32-0644CC638113}"
EndProject
Global
	GlobalSection(SolutionConfigurationPlatforms) = preSolution
		Debug|Any CPU = Debug|Any CPU
		Release|Any CPU = Release|Any CPU
	EndGlobalSection
	GlobalSection(ProjectConfigurationPlatforms) = postSolution
		{86D13309-8EAA-4EE3-80E6-279883D376D7}.Debug|Any CPU.ActiveCfg = Debug|Any CPU
		{86D13309-8EAA-4EE3-80E6-279883D376D7}.Debug|Any CPU.Build.0 = Debug|Any CPU
		{86D13309-8EAA-4EE3-80E6-279883D376D7}.Release|Any CPU.ActiveCfg = Release|Any CPU
		{86D13309-8EAA-4EE3-80E6-279883D376D7}.Release|Any CPU.Build.0 = Release|Any CPU
		{AE3DCDF3-14B6-40F1-AAD1-FC2D2EA4163E}.Debug|Any CPU.ActiveCfg = Debug|Any CPU
		{AE3DCDF3-14B6-40F1-AAD1-FC2D2EA4163E}.Debug|Any CPU.Build.0 = Debug|Any CPU
		{AE3DCDF3-14B6-40F1-AAD1-FC2D2EA4163E}.Release|Any CPU.ActiveCfg = Release|Any CPU
		{AE3DCDF3-14B6-40F1-AAD1-FC2D2EA4163E}.Release|Any CPU.Build.0 = Release|Any CPU
		{AC39484D-D981-48F5-A0BD-6FCD7994D272}.Debug|Any CPU.ActiveCfg = Debug|Any CPU
		{AC39484D-D981-48F5-A0BD-6FCD7994D272}.Debug|Any CPU.Build.0 = Debug|Any CPU
		{AC39484D-D981-48F5-A0BD-6FCD7994D272}.Release|Any CPU.ActiveCfg = Release|Any CPU
		{AC39484D-D981-48F5-A0BD-6FCD7994D272}.Release|Any CPU.Build.0 = Release|Any CPU
		{DAB749AB-BCB9-4992-9A32-0644CC638113}.Debug|Any CPU.ActiveCfg = Debug|Any CPU
		{DAB749AB-BCB9-4992-9A32-0644CC638113}.Debug|Any CPU.Build.0 = Debug|Any CPU
		{DAB749AB-BCB9-4992-9A32-0644CC638113}.Release|Any CPU.ActiveCfg = Release|Any CPU
		{DAB749AB-BCB9-4992-9A32-0644CC638113}.Release|Any CPU.Build.0 = Release|Any CPU
	EndGlobalSection
	GlobalSection(SolutionProperties) = preSolution
		HideSolutionNode = FALSE
	EndGlobalSection
	GlobalSection(ExtensibilityGlobals) = postSolution
		SolutionGuid = {AC0CF650-94D2-4903-AF65-8C9B68B022AC}
	EndGlobalSection
EndGlobal
