
Microsoft Visual Studio Solution File, Format Version 12.00
# Visual Studio Version 17
VisualStudioVersion = 17.2.32516.85
MinimumVisualStudioVersion = 10.0.40219.1
Project("{9A19103F-16F7-4668-BE54-9A1E7A4F7556}") = "01.ListyIterator", "01.ListyIterator\01.ListyIterator.csproj", "{69E35935-2807-406F-B3E9-356568213298}"
EndProject
Project("{9A19103F-16F7-4668-BE54-9A1E7A4F7556}") = "02.Collection", "02.Collection\02.Collection.csproj", "{057F5118-C53D-4182-B545-0D276C388D38}"
EndProject
Project("{9A19103F-16F7-4668-BE54-9A1E7A4F7556}") = "03.Stack", "03.Stack\03.Stack.csproj", "{03543BD4-9A2C-4C38-A30B-7BF01E3EB84E}"
EndProject
Project("{FAE04EC0-301F-11D3-BF4B-00C04F79EFBC}") = "04.Froggy", "04.Froggy\04.Froggy.csproj", "{31FD15FB-9D0C-4394-A910-F23A6F816E84}"
EndProject
Project("{FAE04EC0-301F-11D3-BF4B-00C04F79EFBC}") = "05.ComparingObjects", "05.ComparingObjects\05.ComparingObjects.csproj", "{02117E5C-3DA6-41B6-A71A-883739AD374C}"
EndProject
Project("{FAE04EC0-301F-11D3-BF4B-00C04F79EFBC}") = "07.CustomComparator", "07.CustomComparator\07.CustomComparator.csproj", "{C0DEFCC5-40A3-478F-A1D2-1E5C3A9B5105}"
EndProject
Global
	GlobalSection(SolutionConfigurationPlatforms) = preSolution
		Debug|Any CPU = Debug|Any CPU
		Release|Any CPU = Release|Any CPU
	EndGlobalSection
	GlobalSection(ProjectConfigurationPlatforms) = postSolution
		{69E35935-2807-406F-B3E9-356568213298}.Debug|Any CPU.ActiveCfg = Debug|Any CPU
		{69E35935-2807-406F-B3E9-356568213298}.Debug|Any CPU.Build.0 = Debug|Any CPU
		{69E35935-2807-406F-B3E9-356568213298}.Release|Any CPU.ActiveCfg = Release|Any CPU
		{69E35935-2807-406F-B3E9-356568213298}.Release|Any CPU.Build.0 = Release|Any CPU
		{057F5118-C53D-4182-B545-0D276C388D38}.Debug|Any CPU.ActiveCfg = Debug|Any CPU
		{057F5118-C53D-4182-B545-0D276C388D38}.Debug|Any CPU.Build.0 = Debug|Any CPU
		{057F5118-C53D-4182-B545-0D276C388D38}.Release|Any CPU.ActiveCfg = Release|Any CPU
		{057F5118-C53D-4182-B545-0D276C388D38}.Release|Any CPU.Build.0 = Release|Any CPU
		{03543BD4-9A2C-4C38-A30B-7BF01E3EB84E}.Debug|Any CPU.ActiveCfg = Debug|Any CPU
		{03543BD4-9A2C-4C38-A30B-7BF01E3EB84E}.Debug|Any CPU.Build.0 = Debug|Any CPU
		{03543BD4-9A2C-4C38-A30B-7BF01E3EB84E}.Release|Any CPU.ActiveCfg = Release|Any CPU
		{03543BD4-9A2C-4C38-A30B-7BF01E3EB84E}.Release|Any CPU.Build.0 = Release|Any CPU
		{31FD15FB-9D0C-4394-A910-F23A6F816E84}.Debug|Any CPU.ActiveCfg = Debug|Any CPU
		{31FD15FB-9D0C-4394-A910-F23A6F816E84}.Debug|Any CPU.Build.0 = Debug|Any CPU
		{31FD15FB-9D0C-4394-A910-F23A6F816E84}.Release|Any CPU.ActiveCfg = Release|Any CPU
		{31FD15FB-9D0C-4394-A910-F23A6F816E84}.Release|Any CPU.Build.0 = Release|Any CPU
		{02117E5C-3DA6-41B6-A71A-883739AD374C}.Debug|Any CPU.ActiveCfg = Debug|Any CPU
		{02117E5C-3DA6-41B6-A71A-883739AD374C}.Debug|Any CPU.Build.0 = Debug|Any CPU
		{02117E5C-3DA6-41B6-A71A-883739AD374C}.Release|Any CPU.ActiveCfg = Release|Any CPU
		{02117E5C-3DA6-41B6-A71A-883739AD374C}.Release|Any CPU.Build.0 = Release|Any CPU
		{C0DEFCC5-40A3-478F-A1D2-1E5C3A9B5105}.Debug|Any CPU.ActiveCfg = Debug|Any CPU
		{C0DEFCC5-40A3-478F-A1D2-1E5C3A9B5105}.Debug|Any CPU.Build.0 = Debug|Any CPU
		{C0DEFCC5-40A3-478F-A1D2-1E5C3A9B5105}.Release|Any CPU.ActiveCfg = Release|Any CPU
		{C0DEFCC5-40A3-478F-A1D2-1E5C3A9B5105}.Release|Any CPU.Build.0 = Release|Any CPU
	EndGlobalSection
	GlobalSection(SolutionProperties) = preSolution
		HideSolutionNode = FALSE
	EndGlobalSection
	GlobalSection(ExtensibilityGlobals) = postSolution
		SolutionGuid = {DA588D01-8B85-4FD4-999A-60F677836578}
	EndGlobalSection
EndGlobal
