
Microsoft Visual Studio Solution File, Format Version 12.00
# Visual Studio Version 16
VisualStudioVersion = 16.0.31515.178
MinimumVisualStudioVersion = 10.0.40219.1
Project("{FAE04EC0-301F-11D3-BF4B-00C04F79EFBC}") = "01. Furniture", "01. Furniture\01. Furniture.csproj", "{6D3C3C03-2D37-4AE1-B86A-6AF048B598AB}"
EndProject
Project("{FAE04EC0-301F-11D3-BF4B-00C04F79EFBC}") = "02. Race", "02. Race\02. Race.csproj", "{81564510-4ABC-45AD-B738-F640D7BFF55C}"
EndProject
Project("{FAE04EC0-301F-11D3-BF4B-00C04F79EFBC}") = "03. SoftUni Bar Income", "03. SoftUni Bar Income\03. SoftUni Bar Income.csproj", "{66232F9C-D831-40F7-BC19-966A53453879}"
EndProject
Project("{FAE04EC0-301F-11D3-BF4B-00C04F79EFBC}") = "04. Star Enigma", "04. Star Enigma\04. Star Enigma.csproj", "{31DDB1C2-277C-4764-B334-82A9C4B7F9A3}"
EndProject
Global
	GlobalSection(SolutionConfigurationPlatforms) = preSolution
		Debug|Any CPU = Debug|Any CPU
		Release|Any CPU = Release|Any CPU
	EndGlobalSection
	GlobalSection(ProjectConfigurationPlatforms) = postSolution
		{6D3C3C03-2D37-4AE1-B86A-6AF048B598AB}.Debug|Any CPU.ActiveCfg = Debug|Any CPU
		{6D3C3C03-2D37-4AE1-B86A-6AF048B598AB}.Debug|Any CPU.Build.0 = Debug|Any CPU
		{6D3C3C03-2D37-4AE1-B86A-6AF048B598AB}.Release|Any CPU.ActiveCfg = Release|Any CPU
		{6D3C3C03-2D37-4AE1-B86A-6AF048B598AB}.Release|Any CPU.Build.0 = Release|Any CPU
		{81564510-4ABC-45AD-B738-F640D7BFF55C}.Debug|Any CPU.ActiveCfg = Debug|Any CPU
		{81564510-4ABC-45AD-B738-F640D7BFF55C}.Debug|Any CPU.Build.0 = Debug|Any CPU
		{81564510-4ABC-45AD-B738-F640D7BFF55C}.Release|Any CPU.ActiveCfg = Release|Any CPU
		{81564510-4ABC-45AD-B738-F640D7BFF55C}.Release|Any CPU.Build.0 = Release|Any CPU
		{66232F9C-D831-40F7-BC19-966A53453879}.Debug|Any CPU.ActiveCfg = Debug|Any CPU
		{66232F9C-D831-40F7-BC19-966A53453879}.Debug|Any CPU.Build.0 = Debug|Any CPU
		{66232F9C-D831-40F7-BC19-966A53453879}.Release|Any CPU.ActiveCfg = Release|Any CPU
		{66232F9C-D831-40F7-BC19-966A53453879}.Release|Any CPU.Build.0 = Release|Any CPU
		{31DDB1C2-277C-4764-B334-82A9C4B7F9A3}.Debug|Any CPU.ActiveCfg = Debug|Any CPU
		{31DDB1C2-277C-4764-B334-82A9C4B7F9A3}.Debug|Any CPU.Build.0 = Debug|Any CPU
		{31DDB1C2-277C-4764-B334-82A9C4B7F9A3}.Release|Any CPU.ActiveCfg = Release|Any CPU
		{31DDB1C2-277C-4764-B334-82A9C4B7F9A3}.Release|Any CPU.Build.0 = Release|Any CPU
	EndGlobalSection
	GlobalSection(SolutionProperties) = preSolution
		HideSolutionNode = FALSE
	EndGlobalSection
	GlobalSection(ExtensibilityGlobals) = postSolution
		SolutionGuid = {BE5E4F23-C4CE-4959-93CC-756A322C860F}
	EndGlobalSection
EndGlobal
