
Microsoft Visual Studio Solution File, Format Version 12.00
# Visual Studio Version 16
VisualStudioVersion = 16.0.31515.178
MinimumVisualStudioVersion = 10.0.40219.1
Project("{9A19103F-16F7-4668-BE54-9A1E7A4F7556}") = "03_01_09.01.2022", "03_01_09.01.2022\03_01_09.01.2022.csproj", "{B6B9142A-3505-450F-9FDF-C5F7529B6A40}"
EndProject
Project("{9A19103F-16F7-4668-BE54-9A1E7A4F7556}") = "03_02_01.09.2022", "03_02_01.09.2022\03_02_01.09.2022.csproj", "{27F00DEE-0D2C-467A-A89C-780B35EE252D}"
EndProject
Project("{9A19103F-16F7-4668-BE54-9A1E7A4F7556}") = "03_04_01.09.2022", "03_04_01.09.2022\03_04_01.09.2022.csproj", "{BF68DD7C-FC7C-48B3-B1FD-F93F2BB47C0E}"
EndProject
Project("{9A19103F-16F7-4668-BE54-9A1E7A4F7556}") = "03_05_01.09.2022", "03_05_01.09.2022\03_05_01.09.2022.csproj", "{EC8F662A-BBEE-4B07-90C1-539D00EA3805}"
EndProject
Project("{9A19103F-16F7-4668-BE54-9A1E7A4F7556}") = "03_06_01_09_2022", "03_06_01_09_2022\03_06_01_09_2022.csproj", "{64DEF35C-659B-4AA7-B565-E028FDD4CFA3}"
EndProject
Project("{FAE04EC0-301F-11D3-BF4B-00C04F79EFBC}") = "03_07_13.01.2022", "03_07_13.01.2022\03_07_13.01.2022.csproj", "{449339DC-7B14-4E45-929E-06BEC033D25B}"
EndProject
Project("{FAE04EC0-301F-11D3-BF4B-00C04F79EFBC}") = "03_08_13.01.2022", "03_08_13.01.2022\03_08_13.01.2022.csproj", "{F4A24405-1DB0-41D5-A287-011E56D7CC88}"
EndProject
Project("{FAE04EC0-301F-11D3-BF4B-00C04F79EFBC}") = "03_09_13.01.2022", "03_09_13.01.2022\03_09_13.01.2022.csproj", "{82201C0F-65F2-420B-9257-33E1D003CC04}"
EndProject
Global
	GlobalSection(SolutionConfigurationPlatforms) = preSolution
		Debug|Any CPU = Debug|Any CPU
		Release|Any CPU = Release|Any CPU
	EndGlobalSection
	GlobalSection(ProjectConfigurationPlatforms) = postSolution
		{B6B9142A-3505-450F-9FDF-C5F7529B6A40}.Debug|Any CPU.ActiveCfg = Debug|Any CPU
		{B6B9142A-3505-450F-9FDF-C5F7529B6A40}.Debug|Any CPU.Build.0 = Debug|Any CPU
		{B6B9142A-3505-450F-9FDF-C5F7529B6A40}.Release|Any CPU.ActiveCfg = Release|Any CPU
		{B6B9142A-3505-450F-9FDF-C5F7529B6A40}.Release|Any CPU.Build.0 = Release|Any CPU
		{27F00DEE-0D2C-467A-A89C-780B35EE252D}.Debug|Any CPU.ActiveCfg = Debug|Any CPU
		{27F00DEE-0D2C-467A-A89C-780B35EE252D}.Debug|Any CPU.Build.0 = Debug|Any CPU
		{27F00DEE-0D2C-467A-A89C-780B35EE252D}.Release|Any CPU.ActiveCfg = Release|Any CPU
		{27F00DEE-0D2C-467A-A89C-780B35EE252D}.Release|Any CPU.Build.0 = Release|Any CPU
		{BF68DD7C-FC7C-48B3-B1FD-F93F2BB47C0E}.Debug|Any CPU.ActiveCfg = Debug|Any CPU
		{BF68DD7C-FC7C-48B3-B1FD-F93F2BB47C0E}.Debug|Any CPU.Build.0 = Debug|Any CPU
		{BF68DD7C-FC7C-48B3-B1FD-F93F2BB47C0E}.Release|Any CPU.ActiveCfg = Release|Any CPU
		{BF68DD7C-FC7C-48B3-B1FD-F93F2BB47C0E}.Release|Any CPU.Build.0 = Release|Any CPU
		{EC8F662A-BBEE-4B07-90C1-539D00EA3805}.Debug|Any CPU.ActiveCfg = Debug|Any CPU
		{EC8F662A-BBEE-4B07-90C1-539D00EA3805}.Debug|Any CPU.Build.0 = Debug|Any CPU
		{EC8F662A-BBEE-4B07-90C1-539D00EA3805}.Release|Any CPU.ActiveCfg = Release|Any CPU
		{EC8F662A-BBEE-4B07-90C1-539D00EA3805}.Release|Any CPU.Build.0 = Release|Any CPU
		{64DEF35C-659B-4AA7-B565-E028FDD4CFA3}.Debug|Any CPU.ActiveCfg = Debug|Any CPU
		{64DEF35C-659B-4AA7-B565-E028FDD4CFA3}.Debug|Any CPU.Build.0 = Debug|Any CPU
		{64DEF35C-659B-4AA7-B565-E028FDD4CFA3}.Release|Any CPU.ActiveCfg = Release|Any CPU
		{64DEF35C-659B-4AA7-B565-E028FDD4CFA3}.Release|Any CPU.Build.0 = Release|Any CPU
		{449339DC-7B14-4E45-929E-06BEC033D25B}.Debug|Any CPU.ActiveCfg = Debug|Any CPU
		{449339DC-7B14-4E45-929E-06BEC033D25B}.Debug|Any CPU.Build.0 = Debug|Any CPU
		{449339DC-7B14-4E45-929E-06BEC033D25B}.Release|Any CPU.ActiveCfg = Release|Any CPU
		{449339DC-7B14-4E45-929E-06BEC033D25B}.Release|Any CPU.Build.0 = Release|Any CPU
		{F4A24405-1DB0-41D5-A287-011E56D7CC88}.Debug|Any CPU.ActiveCfg = Debug|Any CPU
		{F4A24405-1DB0-41D5-A287-011E56D7CC88}.Debug|Any CPU.Build.0 = Debug|Any CPU
		{F4A24405-1DB0-41D5-A287-011E56D7CC88}.Release|Any CPU.ActiveCfg = Release|Any CPU
		{F4A24405-1DB0-41D5-A287-011E56D7CC88}.Release|Any CPU.Build.0 = Release|Any CPU
		{82201C0F-65F2-420B-9257-33E1D003CC04}.Debug|Any CPU.ActiveCfg = Debug|Any CPU
		{82201C0F-65F2-420B-9257-33E1D003CC04}.Debug|Any CPU.Build.0 = Debug|Any CPU
		{82201C0F-65F2-420B-9257-33E1D003CC04}.Release|Any CPU.ActiveCfg = Release|Any CPU
		{82201C0F-65F2-420B-9257-33E1D003CC04}.Release|Any CPU.Build.0 = Release|Any CPU
	EndGlobalSection
	GlobalSection(SolutionProperties) = preSolution
		HideSolutionNode = FALSE
	EndGlobalSection
	GlobalSection(ExtensibilityGlobals) = postSolution
		SolutionGuid = {05527FA0-2546-434B-BAE3-852294496ACE}
	EndGlobalSection
EndGlobal
