
Microsoft Visual Studio Solution File, Format Version 12.00
# Visual Studio Version 16
VisualStudioVersion = 16.0.31515.178
MinimumVisualStudioVersion = 10.0.40219.1
Project("{9A19103F-16F7-4668-BE54-9A1E7A4F7556}") = "01 Smallest of Three Numbers", "01 Smallest of Three Numbers\01 Smallest of Three Numbers.csproj", "{80E01FD0-43A3-4BFC-A587-D6B96232FE33}"
EndProject
Project("{9A19103F-16F7-4668-BE54-9A1E7A4F7556}") = "02 Vowels Count", "02 Vowels Count\02 Vowels Count.csproj", "{F964E3D3-2133-43E3-819E-8B8DE07BE8D9}"
EndProject
Project("{9A19103F-16F7-4668-BE54-9A1E7A4F7556}") = "03. Characters in Range", "03. Characters in Range\03. Characters in Range.csproj", "{B76BDF98-43EE-432C-9B34-470B22C8DC70}"
EndProject
Project("{9A19103F-16F7-4668-BE54-9A1E7A4F7556}") = "04 Password Validator", "04 Password Validator\04 Password Validator.csproj", "{482841B1-EA61-469A-9858-4D2E5EA9AD63}"
EndProject
Project("{9A19103F-16F7-4668-BE54-9A1E7A4F7556}") = "05 Add and Subtract", "05 Add and Subtract\05 Add and Subtract.csproj", "{19B19583-6E0F-4DE8-926B-4EFA1792A9A5}"
EndProject
Project("{FAE04EC0-301F-11D3-BF4B-00C04F79EFBC}") = "06. Middle Characters", "06. Middle Characters\06. Middle Characters.csproj", "{925D4425-85AB-47A5-B231-62C93809F34F}"
EndProject
Project("{FAE04EC0-301F-11D3-BF4B-00C04F79EFBC}") = "07. NxN Matrix", "07. NxN Matrix\07. NxN Matrix.csproj", "{111E501B-EAC0-457C-82A1-3C0D3AE6453B}"
EndProject
Project("{FAE04EC0-301F-11D3-BF4B-00C04F79EFBC}") = "08. Factorial Division", "08. Factorial Division\08. Factorial Division.csproj", "{B740B853-33D8-4B9E-9925-247ECC723D70}"
EndProject
Project("{FAE04EC0-301F-11D3-BF4B-00C04F79EFBC}") = "09. Palindrome Integers", "09. Palindrome Integers\09. Palindrome Integers.csproj", "{6D8E6938-27EF-44C4-B685-AAA36A943D04}"
EndProject
Global
	GlobalSection(SolutionConfigurationPlatforms) = preSolution
		Debug|Any CPU = Debug|Any CPU
		Release|Any CPU = Release|Any CPU
	EndGlobalSection
	GlobalSection(ProjectConfigurationPlatforms) = postSolution
		{80E01FD0-43A3-4BFC-A587-D6B96232FE33}.Debug|Any CPU.ActiveCfg = Debug|Any CPU
		{80E01FD0-43A3-4BFC-A587-D6B96232FE33}.Debug|Any CPU.Build.0 = Debug|Any CPU
		{80E01FD0-43A3-4BFC-A587-D6B96232FE33}.Release|Any CPU.ActiveCfg = Release|Any CPU
		{80E01FD0-43A3-4BFC-A587-D6B96232FE33}.Release|Any CPU.Build.0 = Release|Any CPU
		{F964E3D3-2133-43E3-819E-8B8DE07BE8D9}.Debug|Any CPU.ActiveCfg = Debug|Any CPU
		{F964E3D3-2133-43E3-819E-8B8DE07BE8D9}.Debug|Any CPU.Build.0 = Debug|Any CPU
		{F964E3D3-2133-43E3-819E-8B8DE07BE8D9}.Release|Any CPU.ActiveCfg = Release|Any CPU
		{F964E3D3-2133-43E3-819E-8B8DE07BE8D9}.Release|Any CPU.Build.0 = Release|Any CPU
		{B76BDF98-43EE-432C-9B34-470B22C8DC70}.Debug|Any CPU.ActiveCfg = Debug|Any CPU
		{B76BDF98-43EE-432C-9B34-470B22C8DC70}.Debug|Any CPU.Build.0 = Debug|Any CPU
		{B76BDF98-43EE-432C-9B34-470B22C8DC70}.Release|Any CPU.ActiveCfg = Release|Any CPU
		{B76BDF98-43EE-432C-9B34-470B22C8DC70}.Release|Any CPU.Build.0 = Release|Any CPU
		{482841B1-EA61-469A-9858-4D2E5EA9AD63}.Debug|Any CPU.ActiveCfg = Debug|Any CPU
		{482841B1-EA61-469A-9858-4D2E5EA9AD63}.Debug|Any CPU.Build.0 = Debug|Any CPU
		{482841B1-EA61-469A-9858-4D2E5EA9AD63}.Release|Any CPU.ActiveCfg = Release|Any CPU
		{482841B1-EA61-469A-9858-4D2E5EA9AD63}.Release|Any CPU.Build.0 = Release|Any CPU
		{19B19583-6E0F-4DE8-926B-4EFA1792A9A5}.Debug|Any CPU.ActiveCfg = Debug|Any CPU
		{19B19583-6E0F-4DE8-926B-4EFA1792A9A5}.Debug|Any CPU.Build.0 = Debug|Any CPU
		{19B19583-6E0F-4DE8-926B-4EFA1792A9A5}.Release|Any CPU.ActiveCfg = Release|Any CPU
		{19B19583-6E0F-4DE8-926B-4EFA1792A9A5}.Release|Any CPU.Build.0 = Release|Any CPU
		{925D4425-85AB-47A5-B231-62C93809F34F}.Debug|Any CPU.ActiveCfg = Debug|Any CPU
		{925D4425-85AB-47A5-B231-62C93809F34F}.Debug|Any CPU.Build.0 = Debug|Any CPU
		{925D4425-85AB-47A5-B231-62C93809F34F}.Release|Any CPU.ActiveCfg = Release|Any CPU
		{925D4425-85AB-47A5-B231-62C93809F34F}.Release|Any CPU.Build.0 = Release|Any CPU
		{111E501B-EAC0-457C-82A1-3C0D3AE6453B}.Debug|Any CPU.ActiveCfg = Debug|Any CPU
		{111E501B-EAC0-457C-82A1-3C0D3AE6453B}.Debug|Any CPU.Build.0 = Debug|Any CPU
		{111E501B-EAC0-457C-82A1-3C0D3AE6453B}.Release|Any CPU.ActiveCfg = Release|Any CPU
		{111E501B-EAC0-457C-82A1-3C0D3AE6453B}.Release|Any CPU.Build.0 = Release|Any CPU
		{B740B853-33D8-4B9E-9925-247ECC723D70}.Debug|Any CPU.ActiveCfg = Debug|Any CPU
		{B740B853-33D8-4B9E-9925-247ECC723D70}.Debug|Any CPU.Build.0 = Debug|Any CPU
		{B740B853-33D8-4B9E-9925-247ECC723D70}.Release|Any CPU.ActiveCfg = Release|Any CPU
		{B740B853-33D8-4B9E-9925-247ECC723D70}.Release|Any CPU.Build.0 = Release|Any CPU
		{6D8E6938-27EF-44C4-B685-AAA36A943D04}.Debug|Any CPU.ActiveCfg = Debug|Any CPU
		{6D8E6938-27EF-44C4-B685-AAA36A943D04}.Debug|Any CPU.Build.0 = Debug|Any CPU
		{6D8E6938-27EF-44C4-B685-AAA36A943D04}.Release|Any CPU.ActiveCfg = Release|Any CPU
		{6D8E6938-27EF-44C4-B685-AAA36A943D04}.Release|Any CPU.Build.0 = Release|Any CPU
	EndGlobalSection
	GlobalSection(SolutionProperties) = preSolution
		HideSolutionNode = FALSE
	EndGlobalSection
	GlobalSection(ExtensibilityGlobals) = postSolution
		SolutionGuid = {5FC19336-3BB0-4D63-A06E-84C20FA9D8F9}
	EndGlobalSection
EndGlobal
