
Microsoft Visual Studio Solution File, Format Version 12.00
# Visual Studio Version 16
VisualStudioVersion = 16.0.31005.135
MinimumVisualStudioVersion = 10.0.40219.1
Project("{FAE04EC0-301F-11D3-BF4B-00C04F79EFBC}") = "11 While Loop", "11 While Loop.csproj", "{C03E3AC5-F4BD-418C-A7D8-D361DAAEF4D1}"
EndProject
Project("{FAE04EC0-301F-11D3-BF4B-00C04F79EFBC}") = "02 Password", "..\02 Password\02 Password.csproj", "{C6DE9ADF-9F1A-4D07-9703-8D34D725B702}"
EndProject
Project("{FAE04EC0-301F-11D3-BF4B-00C04F79EFBC}") = "03 Sum Numbers", "..\03 Sum Numbers\03 Sum Numbers.csproj", "{AC4AE74D-0DD9-4D6B-976F-93E2CD9C7263}"
EndProject
Project("{FAE04EC0-301F-11D3-BF4B-00C04F79EFBC}") = "04 Seaquence 2k+1", "..\04 Seaquence 2k+1\04 Seaquence 2k+1.csproj", "{D8A8F8DF-2385-4A3C-B128-6B85FA3893F0}"
EndProject
Project("{FAE04EC0-301F-11D3-BF4B-00C04F79EFBC}") = "05 Account Balance", "..\05 Account Balance\05 Account Balance.csproj", "{E8F2DBFB-56C8-4042-BDC5-9A2FABEA6A91}"
EndProject
Global
	GlobalSection(SolutionConfigurationPlatforms) = preSolution
		Debug|Any CPU = Debug|Any CPU
		Release|Any CPU = Release|Any CPU
	EndGlobalSection
	GlobalSection(ProjectConfigurationPlatforms) = postSolution
		{C03E3AC5-F4BD-418C-A7D8-D361DAAEF4D1}.Debug|Any CPU.ActiveCfg = Debug|Any CPU
		{C03E3AC5-F4BD-418C-A7D8-D361DAAEF4D1}.Debug|Any CPU.Build.0 = Debug|Any CPU
		{C03E3AC5-F4BD-418C-A7D8-D361DAAEF4D1}.Release|Any CPU.ActiveCfg = Release|Any CPU
		{C03E3AC5-F4BD-418C-A7D8-D361DAAEF4D1}.Release|Any CPU.Build.0 = Release|Any CPU
		{C6DE9ADF-9F1A-4D07-9703-8D34D725B702}.Debug|Any CPU.ActiveCfg = Debug|Any CPU
		{C6DE9ADF-9F1A-4D07-9703-8D34D725B702}.Debug|Any CPU.Build.0 = Debug|Any CPU
		{C6DE9ADF-9F1A-4D07-9703-8D34D725B702}.Release|Any CPU.ActiveCfg = Release|Any CPU
		{C6DE9ADF-9F1A-4D07-9703-8D34D725B702}.Release|Any CPU.Build.0 = Release|Any CPU
		{AC4AE74D-0DD9-4D6B-976F-93E2CD9C7263}.Debug|Any CPU.ActiveCfg = Debug|Any CPU
		{AC4AE74D-0DD9-4D6B-976F-93E2CD9C7263}.Debug|Any CPU.Build.0 = Debug|Any CPU
		{AC4AE74D-0DD9-4D6B-976F-93E2CD9C7263}.Release|Any CPU.ActiveCfg = Release|Any CPU
		{AC4AE74D-0DD9-4D6B-976F-93E2CD9C7263}.Release|Any CPU.Build.0 = Release|Any CPU
		{D8A8F8DF-2385-4A3C-B128-6B85FA3893F0}.Debug|Any CPU.ActiveCfg = Debug|Any CPU
		{D8A8F8DF-2385-4A3C-B128-6B85FA3893F0}.Debug|Any CPU.Build.0 = Debug|Any CPU
		{D8A8F8DF-2385-4A3C-B128-6B85FA3893F0}.Release|Any CPU.ActiveCfg = Release|Any CPU
		{D8A8F8DF-2385-4A3C-B128-6B85FA3893F0}.Release|Any CPU.Build.0 = Release|Any CPU
		{E8F2DBFB-56C8-4042-BDC5-9A2FABEA6A91}.Debug|Any CPU.ActiveCfg = Debug|Any CPU
		{E8F2DBFB-56C8-4042-BDC5-9A2FABEA6A91}.Debug|Any CPU.Build.0 = Debug|Any CPU
		{E8F2DBFB-56C8-4042-BDC5-9A2FABEA6A91}.Release|Any CPU.ActiveCfg = Release|Any CPU
		{E8F2DBFB-56C8-4042-BDC5-9A2FABEA6A91}.Release|Any CPU.Build.0 = Release|Any CPU
	EndGlobalSection
	GlobalSection(SolutionProperties) = preSolution
		HideSolutionNode = FALSE
	EndGlobalSection
	GlobalSection(ExtensibilityGlobals) = postSolution
		SolutionGuid = {55E5AB2E-A63F-419B-AAF5-BC354600E6F0}
	EndGlobalSection
EndGlobal
