
Microsoft Visual Studio Solution File, Format Version 12.00
# Visual Studio Version 16
VisualStudioVersion = 16.0.31515.178
MinimumVisualStudioVersion = 10.0.40219.1
Project("{9A19103F-16F7-4668-BE54-9A1E7A4F7556}") = "01.ActionPrint", "01.ActionPrint\01.ActionPrint.csproj", "{212B7852-F0CE-48DE-9678-02CBAA5F151E}"
EndProject
Project("{9A19103F-16F7-4668-BE54-9A1E7A4F7556}") = "02.KnightsOfHonor", "02.KnightsOfHonor\02.KnightsOfHonor.csproj", "{0134A4EB-8C67-476D-8E5E-35358A35671F}"
EndProject
Project("{9A19103F-16F7-4668-BE54-9A1E7A4F7556}") = "03.CustomMinFunction", "03.CustomMinFunction\03.CustomMinFunction.csproj", "{3FB45230-9FED-4FBE-8D97-0BBA225A0CE1}"
EndProject
Project("{9A19103F-16F7-4668-BE54-9A1E7A4F7556}") = "04.FindEvensOrOdds", "04.FindEvensOrOdds\04.FindEvensOrOdds.csproj", "{51F39AA6-0BAC-47CD-A0BE-20480F718A07}"
EndProject
Project("{FAE04EC0-301F-11D3-BF4B-00C04F79EFBC}") = "05.AppliedArithmetics", "05.AppliedArithmetics\05.AppliedArithmetics.csproj", "{941DAA3A-0E3F-4912-87C0-30EF7825111E}"
EndProject
Project("{FAE04EC0-301F-11D3-BF4B-00C04F79EFBC}") = "06.ReverseAndExclude", "06.ReverseAndExclude\06.ReverseAndExclude.csproj", "{A396FB30-F87C-40AB-B85B-C1C9322A4870}"
EndProject
Project("{FAE04EC0-301F-11D3-BF4B-00C04F79EFBC}") = "07.PredicateForNames", "07.PredicateForNames\07.PredicateForNames.csproj", "{D2C95FEC-0BDB-4E75-9B9E-8930475676A6}"
EndProject
Project("{FAE04EC0-301F-11D3-BF4B-00C04F79EFBC}") = "08.ListOfPredicates", "08.ListOfPredicates\08.ListOfPredicates.csproj", "{2EC77C98-5061-4565-B50D-D72A381DCC84}"
EndProject
Global
	GlobalSection(SolutionConfigurationPlatforms) = preSolution
		Debug|Any CPU = Debug|Any CPU
		Release|Any CPU = Release|Any CPU
	EndGlobalSection
	GlobalSection(ProjectConfigurationPlatforms) = postSolution
		{212B7852-F0CE-48DE-9678-02CBAA5F151E}.Debug|Any CPU.ActiveCfg = Debug|Any CPU
		{212B7852-F0CE-48DE-9678-02CBAA5F151E}.Debug|Any CPU.Build.0 = Debug|Any CPU
		{212B7852-F0CE-48DE-9678-02CBAA5F151E}.Release|Any CPU.ActiveCfg = Release|Any CPU
		{212B7852-F0CE-48DE-9678-02CBAA5F151E}.Release|Any CPU.Build.0 = Release|Any CPU
		{0134A4EB-8C67-476D-8E5E-35358A35671F}.Debug|Any CPU.ActiveCfg = Debug|Any CPU
		{0134A4EB-8C67-476D-8E5E-35358A35671F}.Debug|Any CPU.Build.0 = Debug|Any CPU
		{0134A4EB-8C67-476D-8E5E-35358A35671F}.Release|Any CPU.ActiveCfg = Release|Any CPU
		{0134A4EB-8C67-476D-8E5E-35358A35671F}.Release|Any CPU.Build.0 = Release|Any CPU
		{3FB45230-9FED-4FBE-8D97-0BBA225A0CE1}.Debug|Any CPU.ActiveCfg = Debug|Any CPU
		{3FB45230-9FED-4FBE-8D97-0BBA225A0CE1}.Debug|Any CPU.Build.0 = Debug|Any CPU
		{3FB45230-9FED-4FBE-8D97-0BBA225A0CE1}.Release|Any CPU.ActiveCfg = Release|Any CPU
		{3FB45230-9FED-4FBE-8D97-0BBA225A0CE1}.Release|Any CPU.Build.0 = Release|Any CPU
		{51F39AA6-0BAC-47CD-A0BE-20480F718A07}.Debug|Any CPU.ActiveCfg = Debug|Any CPU
		{51F39AA6-0BAC-47CD-A0BE-20480F718A07}.Debug|Any CPU.Build.0 = Debug|Any CPU
		{51F39AA6-0BAC-47CD-A0BE-20480F718A07}.Release|Any CPU.ActiveCfg = Release|Any CPU
		{51F39AA6-0BAC-47CD-A0BE-20480F718A07}.Release|Any CPU.Build.0 = Release|Any CPU
		{941DAA3A-0E3F-4912-87C0-30EF7825111E}.Debug|Any CPU.ActiveCfg = Debug|Any CPU
		{941DAA3A-0E3F-4912-87C0-30EF7825111E}.Debug|Any CPU.Build.0 = Debug|Any CPU
		{941DAA3A-0E3F-4912-87C0-30EF7825111E}.Release|Any CPU.ActiveCfg = Release|Any CPU
		{941DAA3A-0E3F-4912-87C0-30EF7825111E}.Release|Any CPU.Build.0 = Release|Any CPU
		{A396FB30-F87C-40AB-B85B-C1C9322A4870}.Debug|Any CPU.ActiveCfg = Debug|Any CPU
		{A396FB30-F87C-40AB-B85B-C1C9322A4870}.Debug|Any CPU.Build.0 = Debug|Any CPU
		{A396FB30-F87C-40AB-B85B-C1C9322A4870}.Release|Any CPU.ActiveCfg = Release|Any CPU
		{A396FB30-F87C-40AB-B85B-C1C9322A4870}.Release|Any CPU.Build.0 = Release|Any CPU
		{D2C95FEC-0BDB-4E75-9B9E-8930475676A6}.Debug|Any CPU.ActiveCfg = Debug|Any CPU
		{D2C95FEC-0BDB-4E75-9B9E-8930475676A6}.Debug|Any CPU.Build.0 = Debug|Any CPU
		{D2C95FEC-0BDB-4E75-9B9E-8930475676A6}.Release|Any CPU.ActiveCfg = Release|Any CPU
		{D2C95FEC-0BDB-4E75-9B9E-8930475676A6}.Release|Any CPU.Build.0 = Release|Any CPU
		{2EC77C98-5061-4565-B50D-D72A381DCC84}.Debug|Any CPU.ActiveCfg = Debug|Any CPU
		{2EC77C98-5061-4565-B50D-D72A381DCC84}.Debug|Any CPU.Build.0 = Debug|Any CPU
		{2EC77C98-5061-4565-B50D-D72A381DCC84}.Release|Any CPU.ActiveCfg = Release|Any CPU
		{2EC77C98-5061-4565-B50D-D72A381DCC84}.Release|Any CPU.Build.0 = Release|Any CPU
	EndGlobalSection
	GlobalSection(SolutionProperties) = preSolution
		HideSolutionNode = FALSE
	EndGlobalSection
	GlobalSection(ExtensibilityGlobals) = postSolution
		SolutionGuid = {E590AC13-3AD8-4F8A-9840-F03D9AE27DDB}
	EndGlobalSection
EndGlobal
