
Microsoft Visual Studio Solution File, Format Version 12.00
# Visual Studio Version 16
VisualStudioVersion = 16.0.31515.178
MinimumVisualStudioVersion = 10.0.40219.1
Project("{FAE04EC0-301F-11D3-BF4B-00C04F79EFBC}") = "09.01", "09.01.csproj", "{C70D2FA1-A0AD-48A8-A86D-F277E3565E26}"
EndProject
Project("{FAE04EC0-301F-11D3-BF4B-00C04F79EFBC}") = "11", "..\11\11.csproj", "{3E95E6C2-F3A6-4845-806C-BF7E60A0F92A}"
EndProject
Project("{FAE04EC0-301F-11D3-BF4B-00C04F79EFBC}") = "12", "..\12\12.csproj", "{325A1909-FA3B-4545-BB8B-97434E39F157}"
EndProject
Global
	GlobalSection(SolutionConfigurationPlatforms) = preSolution
		Debug|Any CPU = Debug|Any CPU
		Release|Any CPU = Release|Any CPU
	EndGlobalSection
	GlobalSection(ProjectConfigurationPlatforms) = postSolution
		{C70D2FA1-A0AD-48A8-A86D-F277E3565E26}.Debug|Any CPU.ActiveCfg = Debug|Any CPU
		{C70D2FA1-A0AD-48A8-A86D-F277E3565E26}.Debug|Any CPU.Build.0 = Debug|Any CPU
		{C70D2FA1-A0AD-48A8-A86D-F277E3565E26}.Release|Any CPU.ActiveCfg = Release|Any CPU
		{C70D2FA1-A0AD-48A8-A86D-F277E3565E26}.Release|Any CPU.Build.0 = Release|Any CPU
		{3E95E6C2-F3A6-4845-806C-BF7E60A0F92A}.Debug|Any CPU.ActiveCfg = Debug|Any CPU
		{3E95E6C2-F3A6-4845-806C-BF7E60A0F92A}.Debug|Any CPU.Build.0 = Debug|Any CPU
		{3E95E6C2-F3A6-4845-806C-BF7E60A0F92A}.Release|Any CPU.ActiveCfg = Release|Any CPU
		{3E95E6C2-F3A6-4845-806C-BF7E60A0F92A}.Release|Any CPU.Build.0 = Release|Any CPU
		{325A1909-FA3B-4545-BB8B-97434E39F157}.Debug|Any CPU.ActiveCfg = Debug|Any CPU
		{325A1909-FA3B-4545-BB8B-97434E39F157}.Debug|Any CPU.Build.0 = Debug|Any CPU
		{325A1909-FA3B-4545-BB8B-97434E39F157}.Release|Any CPU.ActiveCfg = Release|Any CPU
		{325A1909-FA3B-4545-BB8B-97434E39F157}.Release|Any CPU.Build.0 = Release|Any CPU
	EndGlobalSection
	GlobalSection(SolutionProperties) = preSolution
		HideSolutionNode = FALSE
	EndGlobalSection
	GlobalSection(ExtensibilityGlobals) = postSolution
		SolutionGuid = {7B601287-B749-4224-B754-8ADDDC396B77}
	EndGlobalSection
EndGlobal
