
Microsoft Visual Studio Solution File, Format Version 12.00
# Visual Studio Version 17
VisualStudioVersion = 17.3.32922.545
MinimumVisualStudioVersion = 10.0.40219.1
Project("{FAE04EC0-301F-11D3-BF4B-00C04F79EFBC}") = "01.SingleInheritance", "01.SingleInheritance\01.SingleInheritance.csproj", "{A3D1C57B-448C-4F0A-B80A-25A15FCEF923}"
EndProject
Project("{FAE04EC0-301F-11D3-BF4B-00C04F79EFBC}") = "02.MultipleInheritance", "02.MultipleInheritance\02.MultipleInheritance.csproj", "{A9CFD818-F847-492D-9421-2F37135FF873}"
EndProject
Global
	GlobalSection(SolutionConfigurationPlatforms) = preSolution
		Debug|Any CPU = Debug|Any CPU
		Release|Any CPU = Release|Any CPU
	EndGlobalSection
	GlobalSection(ProjectConfigurationPlatforms) = postSolution
		{A3D1C57B-448C-4F0A-B80A-25A15FCEF923}.Debug|Any CPU.ActiveCfg = Debug|Any CPU
		{A3D1C57B-448C-4F0A-B80A-25A15FCEF923}.Debug|Any CPU.Build.0 = Debug|Any CPU
		{A3D1C57B-448C-4F0A-B80A-25A15FCEF923}.Release|Any CPU.ActiveCfg = Release|Any CPU
		{A3D1C57B-448C-4F0A-B80A-25A15FCEF923}.Release|Any CPU.Build.0 = Release|Any CPU
		{A9CFD818-F847-492D-9421-2F37135FF873}.Debug|Any CPU.ActiveCfg = Debug|Any CPU
		{A9CFD818-F847-492D-9421-2F37135FF873}.Debug|Any CPU.Build.0 = Debug|Any CPU
		{A9CFD818-F847-492D-9421-2F37135FF873}.Release|Any CPU.ActiveCfg = Release|Any CPU
		{A9CFD818-F847-492D-9421-2F37135FF873}.Release|Any CPU.Build.0 = Release|Any CPU
	EndGlobalSection
	GlobalSection(SolutionProperties) = preSolution
		HideSolutionNode = FALSE
	EndGlobalSection
	GlobalSection(ExtensibilityGlobals) = postSolution
		SolutionGuid = {132F25B7-A721-4D65-9341-38590DC0DA5A}
	EndGlobalSection
EndGlobal
