
Microsoft Visual Studio Solution File, Format Version 12.00
# Visual Studio Version 16
VisualStudioVersion = 16.0.31515.178
MinimumVisualStudioVersion = 10.0.40219.1
Project("{FAE04EC0-301F-11D3-BF4B-00C04F79EFBC}") = "01 Train", "01 Train\01 Train.csproj", "{19EEDA22-860E-4B98-B207-422C57634CC3}"
EndProject
Project("{FAE04EC0-301F-11D3-BF4B-00C04F79EFBC}") = "02 CommonElements", "01 CommonElements\02 CommonElements.csproj", "{FFF822FF-71FE-401B-9BEF-8AA525D7E468}"
EndProject
Project("{FAE04EC0-301F-11D3-BF4B-00C04F79EFBC}") = "03 ZigZagArrays", "03 ZigZagArrays\03 ZigZagArrays.csproj", "{808C43C1-6F87-4D0A-89BD-6D5C5EC7B626}"
EndProject
Project("{FAE04EC0-301F-11D3-BF4B-00C04F79EFBC}") = "04 ArrayRotation", "04 ArrayRotation\04 ArrayRotation.csproj", "{0CD4E142-2CF0-4316-8B3A-B51B58C7A8DE}"
EndProject
Project("{FAE04EC0-301F-11D3-BF4B-00C04F79EFBC}") = "05 TopIntegers", "05 TopIntegers\05 TopIntegers.csproj", "{3B0EED14-2390-44B9-A1F8-BB22E8998D52}"
EndProject
Global
	GlobalSection(SolutionConfigurationPlatforms) = preSolution
		Debug|Any CPU = Debug|Any CPU
		Release|Any CPU = Release|Any CPU
	EndGlobalSection
	GlobalSection(ProjectConfigurationPlatforms) = postSolution
		{19EEDA22-860E-4B98-B207-422C57634CC3}.Debug|Any CPU.ActiveCfg = Debug|Any CPU
		{19EEDA22-860E-4B98-B207-422C57634CC3}.Debug|Any CPU.Build.0 = Debug|Any CPU
		{19EEDA22-860E-4B98-B207-422C57634CC3}.Release|Any CPU.ActiveCfg = Release|Any CPU
		{19EEDA22-860E-4B98-B207-422C57634CC3}.Release|Any CPU.Build.0 = Release|Any CPU
		{FFF822FF-71FE-401B-9BEF-8AA525D7E468}.Debug|Any CPU.ActiveCfg = Debug|Any CPU
		{FFF822FF-71FE-401B-9BEF-8AA525D7E468}.Debug|Any CPU.Build.0 = Debug|Any CPU
		{FFF822FF-71FE-401B-9BEF-8AA525D7E468}.Release|Any CPU.ActiveCfg = Release|Any CPU
		{FFF822FF-71FE-401B-9BEF-8AA525D7E468}.Release|Any CPU.Build.0 = Release|Any CPU
		{808C43C1-6F87-4D0A-89BD-6D5C5EC7B626}.Debug|Any CPU.ActiveCfg = Debug|Any CPU
		{808C43C1-6F87-4D0A-89BD-6D5C5EC7B626}.Debug|Any CPU.Build.0 = Debug|Any CPU
		{808C43C1-6F87-4D0A-89BD-6D5C5EC7B626}.Release|Any CPU.ActiveCfg = Release|Any CPU
		{808C43C1-6F87-4D0A-89BD-6D5C5EC7B626}.Release|Any CPU.Build.0 = Release|Any CPU
		{0CD4E142-2CF0-4316-8B3A-B51B58C7A8DE}.Debug|Any CPU.ActiveCfg = Debug|Any CPU
		{0CD4E142-2CF0-4316-8B3A-B51B58C7A8DE}.Debug|Any CPU.Build.0 = Debug|Any CPU
		{0CD4E142-2CF0-4316-8B3A-B51B58C7A8DE}.Release|Any CPU.ActiveCfg = Release|Any CPU
		{0CD4E142-2CF0-4316-8B3A-B51B58C7A8DE}.Release|Any CPU.Build.0 = Release|Any CPU
		{3B0EED14-2390-44B9-A1F8-BB22E8998D52}.Debug|Any CPU.ActiveCfg = Debug|Any CPU
		{3B0EED14-2390-44B9-A1F8-BB22E8998D52}.Debug|Any CPU.Build.0 = Debug|Any CPU
		{3B0EED14-2390-44B9-A1F8-BB22E8998D52}.Release|Any CPU.ActiveCfg = Release|Any CPU
		{3B0EED14-2390-44B9-A1F8-BB22E8998D52}.Release|Any CPU.Build.0 = Release|Any CPU
	EndGlobalSection
	GlobalSection(SolutionProperties) = preSolution
		HideSolutionNode = FALSE
	EndGlobalSection
	GlobalSection(ExtensibilityGlobals) = postSolution
		SolutionGuid = {D9EBA754-A724-4A96-B795-36D1F849FB39}
	EndGlobalSection
EndGlobal
