
Microsoft Visual Studio Solution File, Format Version 12.00
# Visual Studio Version 16
VisualStudioVersion = 16.0.31515.178
MinimumVisualStudioVersion = 10.0.40219.1
Project("{FAE04EC0-301F-11D3-BF4B-00C04F79EFBC}") = "01.UniqueUsernames", "01.UniqueUsernames\01.UniqueUsernames.csproj", "{2E2F75F7-3B6F-4BEA-BAC9-1D0074FD9319}"
EndProject
Project("{FAE04EC0-301F-11D3-BF4B-00C04F79EFBC}") = "02.SetsOfElements", "02.SetsOfElements\02.SetsOfElements.csproj", "{2555855F-E6D2-42B0-B55A-F0945F461E81}"
EndProject
Project("{FAE04EC0-301F-11D3-BF4B-00C04F79EFBC}") = "04.EvenTimes", "04.EvenTimes\04.EvenTimes.csproj", "{139CD866-F25F-4A34-8A6A-2A144C239332}"
EndProject
Project("{FAE04EC0-301F-11D3-BF4B-00C04F79EFBC}") = "03.PeriodicTable", "03.PeriodicTable\03.PeriodicTable.csproj", "{C45F07AD-CBD7-433B-93D2-8942919C8F41}"
EndProject
Global
	GlobalSection(SolutionConfigurationPlatforms) = preSolution
		Debug|Any CPU = Debug|Any CPU
		Release|Any CPU = Release|Any CPU
	EndGlobalSection
	GlobalSection(ProjectConfigurationPlatforms) = postSolution
		{2E2F75F7-3B6F-4BEA-BAC9-1D0074FD9319}.Debug|Any CPU.ActiveCfg = Debug|Any CPU
		{2E2F75F7-3B6F-4BEA-BAC9-1D0074FD9319}.Debug|Any CPU.Build.0 = Debug|Any CPU
		{2E2F75F7-3B6F-4BEA-BAC9-1D0074FD9319}.Release|Any CPU.ActiveCfg = Release|Any CPU
		{2E2F75F7-3B6F-4BEA-BAC9-1D0074FD9319}.Release|Any CPU.Build.0 = Release|Any CPU
		{2555855F-E6D2-42B0-B55A-F0945F461E81}.Debug|Any CPU.ActiveCfg = Debug|Any CPU
		{2555855F-E6D2-42B0-B55A-F0945F461E81}.Debug|Any CPU.Build.0 = Debug|Any CPU
		{2555855F-E6D2-42B0-B55A-F0945F461E81}.Release|Any CPU.ActiveCfg = Release|Any CPU
		{2555855F-E6D2-42B0-B55A-F0945F461E81}.Release|Any CPU.Build.0 = Release|Any CPU
		{139CD866-F25F-4A34-8A6A-2A144C239332}.Debug|Any CPU.ActiveCfg = Debug|Any CPU
		{139CD866-F25F-4A34-8A6A-2A144C239332}.Debug|Any CPU.Build.0 = Debug|Any CPU
		{139CD866-F25F-4A34-8A6A-2A144C239332}.Release|Any CPU.ActiveCfg = Release|Any CPU
		{139CD866-F25F-4A34-8A6A-2A144C239332}.Release|Any CPU.Build.0 = Release|Any CPU
		{C45F07AD-CBD7-433B-93D2-8942919C8F41}.Debug|Any CPU.ActiveCfg = Debug|Any CPU
		{C45F07AD-CBD7-433B-93D2-8942919C8F41}.Debug|Any CPU.Build.0 = Debug|Any CPU
		{C45F07AD-CBD7-433B-93D2-8942919C8F41}.Release|Any CPU.ActiveCfg = Release|Any CPU
		{C45F07AD-CBD7-433B-93D2-8942919C8F41}.Release|Any CPU.Build.0 = Release|Any CPU
	EndGlobalSection
	GlobalSection(SolutionProperties) = preSolution
		HideSolutionNode = FALSE
	EndGlobalSection
	GlobalSection(ExtensibilityGlobals) = postSolution
		SolutionGuid = {F6860373-EB1C-4147-B246-014378F12F84}
	EndGlobalSection
EndGlobal
