
Microsoft Visual Studio Solution File, Format Version 12.00
# Visual Studio Version 16
VisualStudioVersion = 16.0.31005.135
MinimumVisualStudioVersion = 10.0.40219.1
Project("{FAE04EC0-301F-11D3-BF4B-00C04F79EFBC}") = "exam", "exam.csproj", "{EED3A257-5A1C-449A-9FEB-0AF37D77AA62}"
EndProject
Project("{FAE04EC0-301F-11D3-BF4B-00C04F79EFBC}") = "exam01", "..\exam01\exam01.csproj", "{5546E13A-6D88-4D8C-9008-8B0844367BE8}"
EndProject
Project("{FAE04EC0-301F-11D3-BF4B-00C04F79EFBC}") = "exam.02", "..\exam.02\exam.02.csproj", "{499BF26E-B42A-4540-8DA9-6AC10C1985D4}"
EndProject
Project("{FAE04EC0-301F-11D3-BF4B-00C04F79EFBC}") = "exam.03", "..\exam.03\exam.03.csproj", "{6836B794-C99E-441C-9B9A-A2A7407F9317}"
EndProject
Project("{FAE04EC0-301F-11D3-BF4B-00C04F79EFBC}") = "exam.04", "..\exam.04\exam.04.csproj", "{0B13AFE0-8E17-4261-A3FF-0D38E2D00942}"
EndProject
Project("{FAE04EC0-301F-11D3-BF4B-00C04F79EFBC}") = "exam.05", "..\exam.05\exam.05.csproj", "{E55A847E-1E00-4092-A105-0D4699371922}"
EndProject
Global
	GlobalSection(SolutionConfigurationPlatforms) = preSolution
		Debug|Any CPU = Debug|Any CPU
		Release|Any CPU = Release|Any CPU
	EndGlobalSection
	GlobalSection(ProjectConfigurationPlatforms) = postSolution
		{EED3A257-5A1C-449A-9FEB-0AF37D77AA62}.Debug|Any CPU.ActiveCfg = Debug|Any CPU
		{EED3A257-5A1C-449A-9FEB-0AF37D77AA62}.Debug|Any CPU.Build.0 = Debug|Any CPU
		{EED3A257-5A1C-449A-9FEB-0AF37D77AA62}.Release|Any CPU.ActiveCfg = Release|Any CPU
		{EED3A257-5A1C-449A-9FEB-0AF37D77AA62}.Release|Any CPU.Build.0 = Release|Any CPU
		{5546E13A-6D88-4D8C-9008-8B0844367BE8}.Debug|Any CPU.ActiveCfg = Debug|Any CPU
		{5546E13A-6D88-4D8C-9008-8B0844367BE8}.Debug|Any CPU.Build.0 = Debug|Any CPU
		{5546E13A-6D88-4D8C-9008-8B0844367BE8}.Release|Any CPU.ActiveCfg = Release|Any CPU
		{5546E13A-6D88-4D8C-9008-8B0844367BE8}.Release|Any CPU.Build.0 = Release|Any CPU
		{499BF26E-B42A-4540-8DA9-6AC10C1985D4}.Debug|Any CPU.ActiveCfg = Debug|Any CPU
		{499BF26E-B42A-4540-8DA9-6AC10C1985D4}.Debug|Any CPU.Build.0 = Debug|Any CPU
		{499BF26E-B42A-4540-8DA9-6AC10C1985D4}.Release|Any CPU.ActiveCfg = Release|Any CPU
		{499BF26E-B42A-4540-8DA9-6AC10C1985D4}.Release|Any CPU.Build.0 = Release|Any CPU
		{6836B794-C99E-441C-9B9A-A2A7407F9317}.Debug|Any CPU.ActiveCfg = Debug|Any CPU
		{6836B794-C99E-441C-9B9A-A2A7407F9317}.Debug|Any CPU.Build.0 = Debug|Any CPU
		{6836B794-C99E-441C-9B9A-A2A7407F9317}.Release|Any CPU.ActiveCfg = Release|Any CPU
		{6836B794-C99E-441C-9B9A-A2A7407F9317}.Release|Any CPU.Build.0 = Release|Any CPU
		{0B13AFE0-8E17-4261-A3FF-0D38E2D00942}.Debug|Any CPU.ActiveCfg = Debug|Any CPU
		{0B13AFE0-8E17-4261-A3FF-0D38E2D00942}.Debug|Any CPU.Build.0 = Debug|Any CPU
		{0B13AFE0-8E17-4261-A3FF-0D38E2D00942}.Release|Any CPU.ActiveCfg = Release|Any CPU
		{0B13AFE0-8E17-4261-A3FF-0D38E2D00942}.Release|Any CPU.Build.0 = Release|Any CPU
		{E55A847E-1E00-4092-A105-0D4699371922}.Debug|Any CPU.ActiveCfg = Debug|Any CPU
		{E55A847E-1E00-4092-A105-0D4699371922}.Debug|Any CPU.Build.0 = Debug|Any CPU
		{E55A847E-1E00-4092-A105-0D4699371922}.Release|Any CPU.ActiveCfg = Release|Any CPU
		{E55A847E-1E00-4092-A105-0D4699371922}.Release|Any CPU.Build.0 = Release|Any CPU
	EndGlobalSection
	GlobalSection(SolutionProperties) = preSolution
		HideSolutionNode = FALSE
	EndGlobalSection
	GlobalSection(ExtensibilityGlobals) = postSolution
		SolutionGuid = {E36F38DC-99BF-4226-A431-F9D6AFBFB1E4}
	EndGlobalSection
EndGlobal
