
Microsoft Visual Studio Solution File, Format Version 12.00
# Visual Studio Version 17
VisualStudioVersion = 17.2.32516.85
MinimumVisualStudioVersion = 10.0.40219.1
Project("{9A19103F-16F7-4668-BE54-9A1E7A4F7556}") = "01.SqareRoot", "01.SqareRoot\01.SqareRoot.csproj", "{7BB776E7-F895-40BB-BC25-B4AD9091E861}"
EndProject
Project("{9A19103F-16F7-4668-BE54-9A1E7A4F7556}") = "02.EnterNumbers", "02.EnterNumbers\02.EnterNumbers.csproj", "{12274016-4332-4EB0-88AE-95887D7431F1}"
EndProject
Project("{9A19103F-16F7-4668-BE54-9A1E7A4F7556}") = "03.Cards", "03.Cards\03.Cards.csproj", "{D4624A42-B7F5-4EE9-8F8D-2960D1879213}"
EndProject
Project("{9A19103F-16F7-4668-BE54-9A1E7A4F7556}") = "04.SumОfIntegers", "04.SumОfIntegers\04.SumОfIntegers.csproj", "{F0E23D22-760F-4492-BA6B-23A3F1DCDE93}"
EndProject
Project("{FAE04EC0-301F-11D3-BF4B-00C04F79EFBC}") = "05.PlayCatch", "05.PlayCatch\05.PlayCatch.csproj", "{8110B406-1FA0-4A4A-BE0D-D467C70D4741}"
EndProject
Global
	GlobalSection(SolutionConfigurationPlatforms) = preSolution
		Debug|Any CPU = Debug|Any CPU
		Release|Any CPU = Release|Any CPU
	EndGlobalSection
	GlobalSection(ProjectConfigurationPlatforms) = postSolution
		{7BB776E7-F895-40BB-BC25-B4AD9091E861}.Debug|Any CPU.ActiveCfg = Debug|Any CPU
		{7BB776E7-F895-40BB-BC25-B4AD9091E861}.Debug|Any CPU.Build.0 = Debug|Any CPU
		{7BB776E7-F895-40BB-BC25-B4AD9091E861}.Release|Any CPU.ActiveCfg = Release|Any CPU
		{7BB776E7-F895-40BB-BC25-B4AD9091E861}.Release|Any CPU.Build.0 = Release|Any CPU
		{12274016-4332-4EB0-88AE-95887D7431F1}.Debug|Any CPU.ActiveCfg = Debug|Any CPU
		{12274016-4332-4EB0-88AE-95887D7431F1}.Debug|Any CPU.Build.0 = Debug|Any CPU
		{12274016-4332-4EB0-88AE-95887D7431F1}.Release|Any CPU.ActiveCfg = Release|Any CPU
		{12274016-4332-4EB0-88AE-95887D7431F1}.Release|Any CPU.Build.0 = Release|Any CPU
		{D4624A42-B7F5-4EE9-8F8D-2960D1879213}.Debug|Any CPU.ActiveCfg = Debug|Any CPU
		{D4624A42-B7F5-4EE9-8F8D-2960D1879213}.Debug|Any CPU.Build.0 = Debug|Any CPU
		{D4624A42-B7F5-4EE9-8F8D-2960D1879213}.Release|Any CPU.ActiveCfg = Release|Any CPU
		{D4624A42-B7F5-4EE9-8F8D-2960D1879213}.Release|Any CPU.Build.0 = Release|Any CPU
		{F0E23D22-760F-4492-BA6B-23A3F1DCDE93}.Debug|Any CPU.ActiveCfg = Debug|Any CPU
		{F0E23D22-760F-4492-BA6B-23A3F1DCDE93}.Debug|Any CPU.Build.0 = Debug|Any CPU
		{F0E23D22-760F-4492-BA6B-23A3F1DCDE93}.Release|Any CPU.ActiveCfg = Release|Any CPU
		{F0E23D22-760F-4492-BA6B-23A3F1DCDE93}.Release|Any CPU.Build.0 = Release|Any CPU
		{8110B406-1FA0-4A4A-BE0D-D467C70D4741}.Debug|Any CPU.ActiveCfg = Debug|Any CPU
		{8110B406-1FA0-4A4A-BE0D-D467C70D4741}.Debug|Any CPU.Build.0 = Debug|Any CPU
		{8110B406-1FA0-4A4A-BE0D-D467C70D4741}.Release|Any CPU.ActiveCfg = Release|Any CPU
		{8110B406-1FA0-4A4A-BE0D-D467C70D4741}.Release|Any CPU.Build.0 = Release|Any CPU
	EndGlobalSection
	GlobalSection(SolutionProperties) = preSolution
		HideSolutionNode = FALSE
	EndGlobalSection
	GlobalSection(ExtensibilityGlobals) = postSolution
		SolutionGuid = {3ACFEA70-9DBA-432D-8CF3-166AC98E61EE}
	EndGlobalSection
EndGlobal
