
Microsoft Visual Studio Solution File, Format Version 12.00
# Visual Studio Version 17
VisualStudioVersion = 17.2.32516.85
MinimumVisualStudioVersion = 10.0.40219.1
Project("{FAE04EC0-301F-11D3-BF4B-00C04F79EFBC}") = "01.Vehicle", "01.Vehicle\01.Vehicle.csproj", "{A0C4DFDF-6F1E-405E-A6AC-D7277F7A9D5B}"
EndProject
Project("{FAE04EC0-301F-11D3-BF4B-00C04F79EFBC}") = "02.VehiclesExtension", "02.VehiclesExtension\02.VehiclesExtension.csproj", "{DB0D95B7-D4B3-4AE1-AE56-7A0FA88FA467}"
EndProject
Project("{FAE04EC0-301F-11D3-BF4B-00C04F79EFBC}") = "03.Raiding", "03.Raiding\03.Raiding.csproj", "{8155DAA3-B283-48B4-9177-35C0E1CDE6C2}"
EndProject
Global
	GlobalSection(SolutionConfigurationPlatforms) = preSolution
		Debug|Any CPU = Debug|Any CPU
		Release|Any CPU = Release|Any CPU
	EndGlobalSection
	GlobalSection(ProjectConfigurationPlatforms) = postSolution
		{A0C4DFDF-6F1E-405E-A6AC-D7277F7A9D5B}.Debug|Any CPU.ActiveCfg = Debug|Any CPU
		{A0C4DFDF-6F1E-405E-A6AC-D7277F7A9D5B}.Debug|Any CPU.Build.0 = Debug|Any CPU
		{A0C4DFDF-6F1E-405E-A6AC-D7277F7A9D5B}.Release|Any CPU.ActiveCfg = Release|Any CPU
		{A0C4DFDF-6F1E-405E-A6AC-D7277F7A9D5B}.Release|Any CPU.Build.0 = Release|Any CPU
		{DB0D95B7-D4B3-4AE1-AE56-7A0FA88FA467}.Debug|Any CPU.ActiveCfg = Debug|Any CPU
		{DB0D95B7-D4B3-4AE1-AE56-7A0FA88FA467}.Debug|Any CPU.Build.0 = Debug|Any CPU
		{DB0D95B7-D4B3-4AE1-AE56-7A0FA88FA467}.Release|Any CPU.ActiveCfg = Release|Any CPU
		{DB0D95B7-D4B3-4AE1-AE56-7A0FA88FA467}.Release|Any CPU.Build.0 = Release|Any CPU
		{8155DAA3-B283-48B4-9177-35C0E1CDE6C2}.Debug|Any CPU.ActiveCfg = Debug|Any CPU
		{8155DAA3-B283-48B4-9177-35C0E1CDE6C2}.Debug|Any CPU.Build.0 = Debug|Any CPU
		{8155DAA3-B283-48B4-9177-35C0E1CDE6C2}.Release|Any CPU.ActiveCfg = Release|Any CPU
		{8155DAA3-B283-48B4-9177-35C0E1CDE6C2}.Release|Any CPU.Build.0 = Release|Any CPU
	EndGlobalSection
	GlobalSection(SolutionProperties) = preSolution
		HideSolutionNode = FALSE
	EndGlobalSection
	GlobalSection(ExtensibilityGlobals) = postSolution
		SolutionGuid = {EA893AE4-DDC0-406A-AB43-5DD3B87F0ACA}
	EndGlobalSection
EndGlobal
