
Microsoft Visual Studio Solution File, Format Version 12.00
# Visual Studio Version 16
VisualStudioVersion = 16.0.32413.511
MinimumVisualStudioVersion = 10.0.40219.1
Project("{FAE04EC0-301F-11D3-BF4B-00C04F79EFBC}") = "01.DiagonalDifference", "01.DiagonalDifference\01.DiagonalDifference.csproj", "{5E2A0073-4BFB-431B-91FD-A8B77FE7D969}"
EndProject
Project("{9A19103F-16F7-4668-BE54-9A1E7A4F7556}") = "02.SquaresInMatrix", "02.SquaresInMatrix\02.SquaresInMatrix.csproj", "{DECA0290-C7D6-414C-ABF4-49C1CFBE5B2D}"
EndProject
Project("{9A19103F-16F7-4668-BE54-9A1E7A4F7556}") = "03.MaximalSum", "03.MaximalSum\03.MaximalSum.csproj", "{7800702E-73CE-4E83-8D64-C5EADC69E2E5}"
EndProject
Project("{9A19103F-16F7-4668-BE54-9A1E7A4F7556}") = "04.MatrixShuffling", "04.MatrixShuffling\04.MatrixShuffling.csproj", "{9BE0D124-C9C1-443B-9EA3-E28B7CF258F9}"
EndProject
Project("{9A19103F-16F7-4668-BE54-9A1E7A4F7556}") = "05.SnakeMoves", "05.SnakeMoves\05.SnakeMoves.csproj", "{91456E53-B10D-4924-BFCA-572CEB552497}"
EndProject
Project("{FAE04EC0-301F-11D3-BF4B-00C04F79EFBC}") = "06.JaggedArrayManipulator", "06.JaggedArrayManipulator\06.JaggedArrayManipulator.csproj", "{28213BD8-A724-4189-B8D2-BD7F0F2DE019}"
EndProject
Global
	GlobalSection(SolutionConfigurationPlatforms) = preSolution
		Debug|Any CPU = Debug|Any CPU
		Release|Any CPU = Release|Any CPU
	EndGlobalSection
	GlobalSection(ProjectConfigurationPlatforms) = postSolution
		{5E2A0073-4BFB-431B-91FD-A8B77FE7D969}.Debug|Any CPU.ActiveCfg = Debug|Any CPU
		{5E2A0073-4BFB-431B-91FD-A8B77FE7D969}.Debug|Any CPU.Build.0 = Debug|Any CPU
		{5E2A0073-4BFB-431B-91FD-A8B77FE7D969}.Release|Any CPU.ActiveCfg = Release|Any CPU
		{5E2A0073-4BFB-431B-91FD-A8B77FE7D969}.Release|Any CPU.Build.0 = Release|Any CPU
		{DECA0290-C7D6-414C-ABF4-49C1CFBE5B2D}.Debug|Any CPU.ActiveCfg = Debug|Any CPU
		{DECA0290-C7D6-414C-ABF4-49C1CFBE5B2D}.Debug|Any CPU.Build.0 = Debug|Any CPU
		{DECA0290-C7D6-414C-ABF4-49C1CFBE5B2D}.Release|Any CPU.ActiveCfg = Release|Any CPU
		{DECA0290-C7D6-414C-ABF4-49C1CFBE5B2D}.Release|Any CPU.Build.0 = Release|Any CPU
		{7800702E-73CE-4E83-8D64-C5EADC69E2E5}.Debug|Any CPU.ActiveCfg = Debug|Any CPU
		{7800702E-73CE-4E83-8D64-C5EADC69E2E5}.Debug|Any CPU.Build.0 = Debug|Any CPU
		{7800702E-73CE-4E83-8D64-C5EADC69E2E5}.Release|Any CPU.ActiveCfg = Release|Any CPU
		{7800702E-73CE-4E83-8D64-C5EADC69E2E5}.Release|Any CPU.Build.0 = Release|Any CPU
		{9BE0D124-C9C1-443B-9EA3-E28B7CF258F9}.Debug|Any CPU.ActiveCfg = Debug|Any CPU
		{9BE0D124-C9C1-443B-9EA3-E28B7CF258F9}.Debug|Any CPU.Build.0 = Debug|Any CPU
		{9BE0D124-C9C1-443B-9EA3-E28B7CF258F9}.Release|Any CPU.ActiveCfg = Release|Any CPU
		{9BE0D124-C9C1-443B-9EA3-E28B7CF258F9}.Release|Any CPU.Build.0 = Release|Any CPU
		{91456E53-B10D-4924-BFCA-572CEB552497}.Debug|Any CPU.ActiveCfg = Debug|Any CPU
		{91456E53-B10D-4924-BFCA-572CEB552497}.Debug|Any CPU.Build.0 = Debug|Any CPU
		{91456E53-B10D-4924-BFCA-572CEB552497}.Release|Any CPU.ActiveCfg = Release|Any CPU
		{91456E53-B10D-4924-BFCA-572CEB552497}.Release|Any CPU.Build.0 = Release|Any CPU
		{28213BD8-A724-4189-B8D2-BD7F0F2DE019}.Debug|Any CPU.ActiveCfg = Debug|Any CPU
		{28213BD8-A724-4189-B8D2-BD7F0F2DE019}.Debug|Any CPU.Build.0 = Debug|Any CPU
		{28213BD8-A724-4189-B8D2-BD7F0F2DE019}.Release|Any CPU.ActiveCfg = Release|Any CPU
		{28213BD8-A724-4189-B8D2-BD7F0F2DE019}.Release|Any CPU.Build.0 = Release|Any CPU
	EndGlobalSection
	GlobalSection(SolutionProperties) = preSolution
		HideSolutionNode = FALSE
	EndGlobalSection
	GlobalSection(ExtensibilityGlobals) = postSolution
		SolutionGuid = {D0A3D2B2-3691-4206-A994-74A0E6E09655}
	EndGlobalSection
EndGlobal
