
Microsoft Visual Studio Solution File, Format Version 12.00
# Visual Studio Version 16
VisualStudioVersion = 16.0.32413.511
MinimumVisualStudioVersion = 10.0.40219.1
Project("{FAE04EC0-301F-11D3-BF4B-00C04F79EFBC}") = "01.DiagonalDifference", "01.DiagonalDifference\01.DiagonalDifference.csproj", "{5E2A0073-4BFB-431B-91FD-A8B77FE7D969}"
EndProject
Global
	GlobalSection(SolutionConfigurationPlatforms) = preSolution
		Debug|Any CPU = Debug|Any CPU
		Release|Any CPU = Release|Any CPU
	EndGlobalSection
	GlobalSection(ProjectConfigurationPlatforms) = postSolution
		{5E2A0073-4BFB-431B-91FD-A8B77FE7D969}.Debug|Any CPU.ActiveCfg = Debug|Any CPU
		{5E2A0073-4BFB-431B-91FD-A8B77FE7D969}.Debug|Any CPU.Build.0 = Debug|Any CPU
		{5E2A0073-4BFB-431B-91FD-A8B77FE7D969}.Release|Any CPU.ActiveCfg = Release|Any CPU
		{5E2A0073-4BFB-431B-91FD-A8B77FE7D969}.Release|Any CPU.Build.0 = Release|Any CPU
	EndGlobalSection
	GlobalSection(SolutionProperties) = preSolution
		HideSolutionNode = FALSE
	EndGlobalSection
	GlobalSection(ExtensibilityGlobals) = postSolution
		SolutionGuid = {D0A3D2B2-3691-4206-A994-74A0E6E09655}
	EndGlobalSection
EndGlobal
